// !$*UTF8*$!
{
	archiveVersion = 1;
	classes = {
	};
	objectVersion = 60;
	objects = {

/* Begin PBXBuildFile section */
		3F94C8AF2D0DAE1600CEA70D /* AReviews.storyboard in Resources */ = {isa = PBXBuildFile; fileRef = 3F94C8AD2D0DAE1500CEA70D /* AReviews.storyboard */; };
		8398BCD62D07137A00DD8CFD /* AdminDashboard.storyboard in Resources */ = {isa = PBXBuildFile; fileRef = 8398BCD52D07137A00DD8CFD /* AdminDashboard.storyboard */; };
		ACC2D40D2D01A64400074709 /* Product Impact Tracker.storyboard in Resources */ = {isa = PBXBuildFile; fileRef = ACC2D40C2D01A64400074709 /* Product Impact Tracker.storyboard */; };
		D096691F2D0DB377003DA933 /* Cart Page.storyboard in Resources */ = {isa = PBXBuildFile; fileRef = D096691E2D0DB377003DA933 /* Cart Page.storyboard */; };
		D09669212D0DB38F003DA933 /* Order page.storyboard in Resources */ = {isa = PBXBuildFile; fileRef = D09669202D0DB38F003DA933 /* Order page.storyboard */; };
		D09669252D0DB3DE003DA933 /* Product Info.storyboard in Resources */ = {isa = PBXBuildFile; fileRef = D09669242D0DB3DE003DA933 /* Product Info.storyboard */; };
		D5165D4A2D0DB1B100CC2BF7 /* Notifications.storyboard in Resources */ = {isa = PBXBuildFile; fileRef = D5165D492D0DB1B100CC2BF7 /* Notifications.storyboard */; };
		D5165D4C2D0DB1BB00CC2BF7 /* StoreManager.storyboard in Resources */ = {isa = PBXBuildFile; fileRef = D5165D4B2D0DB1BB00CC2BF7 /* StoreManager.storyboard */; };
		E01DBB0C2D1FE34700766A27 /* ProductinfoViewController.swift in Sources */ = {isa = PBXBuildFile; fileRef = E01DBB0A2D1FE34700766A27 /* ProductinfoViewController.swift */; };
		E01DBB0D2D1FE34700766A27 /* ViewMoreInfoViewController.swift in Sources */ = {isa = PBXBuildFile; fileRef = E01DBB0B2D1FE34700766A27 /* ViewMoreInfoViewController.swift */; };
		E01DBB122D1FE3C000766A27 /* Home.storyboard in Resources */ = {isa = PBXBuildFile; fileRef = E01DBB112D1FE3C000766A27 /* Home.storyboard */; };
		E01DBB162D1FE43600766A27 /* ReviewsTableViewCell.swift in Sources */ = {isa = PBXBuildFile; fileRef = E01DBB132D1FE43600766A27 /* ReviewsTableViewCell.swift */; };
		E01DBB172D1FE43600766A27 /* ReviewsViewController.swift in Sources */ = {isa = PBXBuildFile; fileRef = E01DBB142D1FE43600766A27 /* ReviewsViewController.swift */; };
		E01DBB182D1FE43600766A27 /* WriteReviewViewController.swift in Sources */ = {isa = PBXBuildFile; fileRef = E01DBB152D1FE43600766A27 /* WriteReviewViewController.swift */; };
		E01DBB1A2D1FE49600766A27 /* ProdCompViewController.swift in Sources */ = {isa = PBXBuildFile; fileRef = E01DBB192D1FE49600766A27 /* ProdCompViewController.swift */; };
		E01DBB1C2D1FE4A400766A27 /* localData.json in Resources */ = {isa = PBXBuildFile; fileRef = E01DBB1B2D1FE4A400766A27 /* localData.json */; };
		E01DBB202D1FE4DB00766A27 /* ProductCollectionViewCell.swift in Sources */ = {isa = PBXBuildFile; fileRef = E01DBB1D2D1FE4DB00766A27 /* ProductCollectionViewCell.swift */; };
		E01DBB212D1FE4DB00766A27 /* HomeViewController.swift in Sources */ = {isa = PBXBuildFile; fileRef = E01DBB1E2D1FE4DB00766A27 /* HomeViewController.swift */; };
		E01DBB222D1FE4DB00766A27 /* CustomFlowLayout.swift in Sources */ = {isa = PBXBuildFile; fileRef = E01DBB1F2D1FE4DB00766A27 /* CustomFlowLayout.swift */; };
		E01DBB2C2D1FE4FC00766A27 /* User.swift in Sources */ = {isa = PBXBuildFile; fileRef = E01DBB242D1FE4FC00766A27 /* User.swift */; };
		E01DBB2D2D1FE4FC00766A27 /* Review.swift in Sources */ = {isa = PBXBuildFile; fileRef = E01DBB252D1FE4FC00766A27 /* Review.swift */; };
		E01DBB2F2D1FE4FC00766A27 /* Impact.swift in Sources */ = {isa = PBXBuildFile; fileRef = E01DBB272D1FE4FC00766A27 /* Impact.swift */; };
		E01DBB302D1FE4FC00766A27 /* LocalData.swift in Sources */ = {isa = PBXBuildFile; fileRef = E01DBB282D1FE4FC00766A27 /* LocalData.swift */; };
		E01DBB312D1FE4FC00766A27 /* Order.swift in Sources */ = {isa = PBXBuildFile; fileRef = E01DBB292D1FE4FC00766A27 /* Order.swift */; };
		E01DBB322D1FE4FC00766A27 /* OrderProduct.swift in Sources */ = {isa = PBXBuildFile; fileRef = E01DBB2A2D1FE4FC00766A27 /* OrderProduct.swift */; };
		E01DBB382D1FE5A600766A27 /* SessionManager.swift in Sources */ = {isa = PBXBuildFile; fileRef = E01DBB362D1FE5A600766A27 /* SessionManager.swift */; };
		E01DBB3B2D1FE5B600766A27 /* Profile.storyboard in Resources */ = {isa = PBXBuildFile; fileRef = E01DBB3A2D1FE5B600766A27 /* Profile.storyboard */; };
		E01DBB3D2D1FE5DC00766A27 /* StoreManagerProfile.storyboard in Resources */ = {isa = PBXBuildFile; fileRef = E01DBB3C2D1FE5DC00766A27 /* StoreManagerProfile.storyboard */; };
		E01DBB3F2D1FE5FF00766A27 /* AdminProfile.storyboard in Resources */ = {isa = PBXBuildFile; fileRef = E01DBB3E2D1FE5FF00766A27 /* AdminProfile.storyboard */; };
		E01DBB422D1FE61900766A27 /* ProfileSettingsViewController.swift in Sources */ = {isa = PBXBuildFile; fileRef = E01DBB402D1FE61800766A27 /* ProfileSettingsViewController.swift */; };
		E01DBB432D1FE61900766A27 /* ProfileViewController.swift in Sources */ = {isa = PBXBuildFile; fileRef = E01DBB412D1FE61800766A27 /* ProfileViewController.swift */; };
		E01DBB472D1FE62B00766A27 /* StoreManagerProfileViewController.swift in Sources */ = {isa = PBXBuildFile; fileRef = E01DBB462D1FE62B00766A27 /* StoreManagerProfileViewController.swift */; };
		E01DBB4C2D1FE63400766A27 /* LocalDataManager.swift in Sources */ = {isa = PBXBuildFile; fileRef = E01DBB482D1FE63400766A27 /* LocalDataManager.swift */; };
		E01DBB4E2D1FE63400766A27 /* AdminProfileViewController.swift in Sources */ = {isa = PBXBuildFile; fileRef = E01DBB4A2D1FE63400766A27 /* AdminProfileViewController.swift */; };
		E01DBB562D1FE7BD00766A27 /* ImpactMetricDashboardViewController.swift in Sources */ = {isa = PBXBuildFile; fileRef = E01DBB522D1FE7BD00766A27 /* ImpactMetricDashboardViewController.swift */; };
		E01DBB582D1FE7BD00766A27 /* ProductImpactTrackerViewController.swift in Sources */ = {isa = PBXBuildFile; fileRef = E01DBB542D1FE7BD00766A27 /* ProductImpactTrackerViewController.swift */; };
		E01DBB592D1FE7BD00766A27 /* AddProductExternallyViewController.swift in Sources */ = {isa = PBXBuildFile; fileRef = E01DBB552D1FE7BD00766A27 /* AddProductExternallyViewController.swift */; };
		E01DBB5E2D1FE80500766A27 /* StoresListTableViewCell.swift in Sources */ = {isa = PBXBuildFile; fileRef = E01DBB5A2D1FE80500766A27 /* StoresListTableViewCell.swift */; };
		E01DBB602D1FE80500766A27 /* StoresListTableViewController.swift in Sources */ = {isa = PBXBuildFile; fileRef = E01DBB5C2D1FE80500766A27 /* StoresListTableViewController.swift */; };
		E01DBB612D1FE80500766A27 /* AddingStoreTableViewController.swift in Sources */ = {isa = PBXBuildFile; fileRef = E01DBB5D2D1FE80500766A27 /* AddingStoreTableViewController.swift */; };
		E01DBB652D1FEBCC00766A27 /* ExperimentalDetails.swift in Sources */ = {isa = PBXBuildFile; fileRef = E01DBB642D1FEBCC00766A27 /* ExperimentalDetails.swift */; };
		E01DBB672D1FEDE900766A27 /* Discount.storyboard in Resources */ = {isa = PBXBuildFile; fileRef = E01DBB662D1FEDE900766A27 /* Discount.storyboard */; };
		E01DBB6A2D1FEE1200766A27 /* disViewController.swift in Sources */ = {isa = PBXBuildFile; fileRef = E01DBB682D1FEE1200766A27 /* disViewController.swift */; };
		E01DBB6B2D1FEE1200766A27 /* dispagecell.swift in Sources */ = {isa = PBXBuildFile; fileRef = E01DBB692D1FEE1200766A27 /* dispagecell.swift */; };
		E01DBB6D2D1FEE2900766A27 /* DiscountCards.storyboard in Resources */ = {isa = PBXBuildFile; fileRef = E01DBB6C2D1FEE2900766A27 /* DiscountCards.storyboard */; };
		E01DBB6F2D1FEE4D00766A27 /* SpecialOffer.storyboard in Resources */ = {isa = PBXBuildFile; fileRef = E01DBB6E2D1FEE4D00766A27 /* SpecialOffer.storyboard */; };
		E01DBB732D1FEE6700766A27 /* ProductDetailViewController.swift in Sources */ = {isa = PBXBuildFile; fileRef = E01DBB702D1FEE6600766A27 /* ProductDetailViewController.swift */; };
		E01DBB742D1FEE6700766A27 /* SpecialTableViewCell.swift in Sources */ = {isa = PBXBuildFile; fileRef = E01DBB712D1FEE6600766A27 /* SpecialTableViewCell.swift */; };
		E01DBB752D1FEE6700766A27 /* SpecialViewController.swift in Sources */ = {isa = PBXBuildFile; fileRef = E01DBB722D1FEE6600766A27 /* SpecialViewController.swift */; };
		E01DBB772D1FEEA900766A27 /* Search Page.storyboard in Resources */ = {isa = PBXBuildFile; fileRef = E01DBB762D1FEEA900766A27 /* Search Page.storyboard */; };
		E01DBB7D2D1FEEC600766A27 /* DiscountTableCell.swift in Sources */ = {isa = PBXBuildFile; fileRef = E01DBB782D1FEEC600766A27 /* DiscountTableCell.swift */; };
		E01DBB7E2D1FEEC600766A27 /* SearchPage.swift in Sources */ = {isa = PBXBuildFile; fileRef = E01DBB792D1FEEC600766A27 /* SearchPage.swift */; };
		E01DBB7F2D1FEEC600766A27 /* SearchPageTableViewCell.swift in Sources */ = {isa = PBXBuildFile; fileRef = E01DBB7A2D1FEEC600766A27 /* SearchPageTableViewCell.swift */; };
		E01DBB802D1FEEC600766A27 /* AddDiscount.swift in Sources */ = {isa = PBXBuildFile; fileRef = E01DBB7B2D1FEEC600766A27 /* AddDiscount.swift */; };
		E01DBB812D1FEEC600766A27 /* DiscountCards.swift in Sources */ = {isa = PBXBuildFile; fileRef = E01DBB7C2D1FEEC600766A27 /* DiscountCards.swift */; };
		E01DBB872D1FF67A00766A27 /* OrderedCartViewController.swift in Sources */ = {isa = PBXBuildFile; fileRef = E01DBB822D1FF67A00766A27 /* OrderedCartViewController.swift */; };
		E01DBB882D1FF67A00766A27 /* paymentCartViewController.swift in Sources */ = {isa = PBXBuildFile; fileRef = E01DBB832D1FF67A00766A27 /* paymentCartViewController.swift */; };
		E01DBB892D1FF67A00766A27 /* CartItemCell.swift in Sources */ = {isa = PBXBuildFile; fileRef = E01DBB842D1FF67A00766A27 /* CartItemCell.swift */; };
		E01DBB8A2D1FF67A00766A27 /* adressCartViewController.swift in Sources */ = {isa = PBXBuildFile; fileRef = E01DBB852D1FF67A00766A27 /* adressCartViewController.swift */; };
		E01DBB8B2D1FF67A00766A27 /* CartViewController.swift in Sources */ = {isa = PBXBuildFile; fileRef = E01DBB862D1FF67A00766A27 /* CartViewController.swift */; };
		E01DBB8F2D1FFAE000766A27 /* NotificationsTableViewController.swift in Sources */ = {isa = PBXBuildFile; fileRef = E01DBB8C2D1FFAE000766A27 /* NotificationsTableViewController.swift */; };
		E01DBB902D1FFAE000766A27 /* NotificationTableViewCell.swift in Sources */ = {isa = PBXBuildFile; fileRef = E01DBB8D2D1FFAE000766A27 /* NotificationTableViewCell.swift */; };
		E01DBB912D1FFAE000766A27 /* Notifs.swift in Sources */ = {isa = PBXBuildFile; fileRef = E01DBB8E2D1FFAE000766A27 /* Notifs.swift */; };
		E01DBB972D1FFB0600766A27 /* DataService.swift in Sources */ = {isa = PBXBuildFile; fileRef = E01DBB922D1FFB0500766A27 /* DataService.swift */; };
		E01DBB982D1FFB0600766A27 /* AddProductTableViewController.swift in Sources */ = {isa = PBXBuildFile; fileRef = E01DBB932D1FFB0600766A27 /* AddProductTableViewController.swift */; };
		E01DBB992D1FFB0600766A27 /* CustomTableViewCell.swift in Sources */ = {isa = PBXBuildFile; fileRef = E01DBB942D1FFB0600766A27 /* CustomTableViewCell.swift */; };
		E01DBB9B2D1FFB0600766A27 /* ShopTableViewController.swift in Sources */ = {isa = PBXBuildFile; fileRef = E01DBB962D1FFB0600766A27 /* ShopTableViewController.swift */; };
		E01DBB9E2D2024BE00766A27 /* Alternatives.storyboard in Resources */ = {isa = PBXBuildFile; fileRef = E01DBB9D2D2024BE00766A27 /* Alternatives.storyboard */; };
		E01DBBA02D2027DE00766A27 /* LoginSignup.storyboard in Resources */ = {isa = PBXBuildFile; fileRef = E01DBB9F2D2027DE00766A27 /* LoginSignup.storyboard */; };
		E01DBBA32D20280B00766A27 /* LoginViewController.swift in Sources */ = {isa = PBXBuildFile; fileRef = E01DBBA12D20280B00766A27 /* LoginViewController.swift */; };
		E01DBBA42D20280B00766A27 /* UserManager.swift in Sources */ = {isa = PBXBuildFile; fileRef = E01DBBA22D20280B00766A27 /* UserManager.swift */; };
		E01DBBA62D20285D00766A27 /* signUpViewController.swift in Sources */ = {isa = PBXBuildFile; fileRef = E01DBBA52D20285D00766A27 /* signUpViewController.swift */; };
		E01DBBA92D20292500766A27 /* TabBar.storyboard in Resources */ = {isa = PBXBuildFile; fileRef = E01DBBA82D20292500766A27 /* TabBar.storyboard */; };
		F233682D2CF4854000A988FC /* AppDelegate.swift in Sources */ = {isa = PBXBuildFile; fileRef = F233682C2CF4854000A988FC /* AppDelegate.swift */; };
		F233682F2CF4854000A988FC /* SceneDelegate.swift in Sources */ = {isa = PBXBuildFile; fileRef = F233682E2CF4854000A988FC /* SceneDelegate.swift */; };
		F23368312CF4854000A988FC /* ViewController.swift in Sources */ = {isa = PBXBuildFile; fileRef = F23368302CF4854000A988FC /* ViewController.swift */; };
		F23368342CF4854000A988FC /* Main.storyboard in Resources */ = {isa = PBXBuildFile; fileRef = F23368322CF4854000A988FC /* Main.storyboard */; };
		F23368362CF4854200A988FC /* Assets.xcassets in Resources */ = {isa = PBXBuildFile; fileRef = F23368352CF4854200A988FC /* Assets.xcassets */; };
		F23368392CF4854200A988FC /* LaunchScreen.storyboard in Resources */ = {isa = PBXBuildFile; fileRef = F23368372CF4854200A988FC /* LaunchScreen.storyboard */; };
		F23368442CF4854300A988FC /* ReLeafTests.swift in Sources */ = {isa = PBXBuildFile; fileRef = F23368432CF4854300A988FC /* ReLeafTests.swift */; };
		F233684E2CF4854300A988FC /* ReLeafUITests.swift in Sources */ = {isa = PBXBuildFile; fileRef = F233684D2CF4854300A988FC /* ReLeafUITests.swift */; };
		F23368502CF4854300A988FC /* ReLeafUITestsLaunchTests.swift in Sources */ = {isa = PBXBuildFile; fileRef = F233684F2CF4854300A988FC /* ReLeafUITestsLaunchTests.swift */; };
/* End PBXBuildFile section */

/* Begin PBXContainerItemProxy section */
		F23368402CF4854300A988FC /* PBXContainerItemProxy */ = {
			isa = PBXContainerItemProxy;
			containerPortal = F23368212CF4854000A988FC /* Project object */;
			proxyType = 1;
			remoteGlobalIDString = F23368282CF4854000A988FC;
			remoteInfo = ReLeaf;
		};
		F233684A2CF4854300A988FC /* PBXContainerItemProxy */ = {
			isa = PBXContainerItemProxy;
			containerPortal = F23368212CF4854000A988FC /* Project object */;
			proxyType = 1;
			remoteGlobalIDString = F23368282CF4854000A988FC;
			remoteInfo = ReLeaf;
		};
/* End PBXContainerItemProxy section */

/* Begin PBXFileReference section */
		3F94C8AD2D0DAE1500CEA70D /* AReviews.storyboard */ = {isa = PBXFileReference; fileEncoding = 4; lastKnownFileType = file.storyboard; path = AReviews.storyboard; sourceTree = "<group>"; };
		8398BCD52D07137A00DD8CFD /* AdminDashboard.storyboard */ = {isa = PBXFileReference; lastKnownFileType = file.storyboard; path = AdminDashboard.storyboard; sourceTree = "<group>"; };
		ACC2D40C2D01A64400074709 /* Product Impact Tracker.storyboard */ = {isa = PBXFileReference; fileEncoding = 4; lastKnownFileType = file.storyboard; path = "Product Impact Tracker.storyboard"; sourceTree = "<group>"; };
		D096691E2D0DB377003DA933 /* Cart Page.storyboard */ = {isa = PBXFileReference; fileEncoding = 4; lastKnownFileType = file.storyboard; path = "Cart Page.storyboard"; sourceTree = "<group>"; };
		D09669202D0DB38F003DA933 /* Order page.storyboard */ = {isa = PBXFileReference; fileEncoding = 4; lastKnownFileType = file.storyboard; path = "Order page.storyboard"; sourceTree = "<group>"; };
		D09669242D0DB3DE003DA933 /* Product Info.storyboard */ = {isa = PBXFileReference; fileEncoding = 4; lastKnownFileType = file.storyboard; path = "Product Info.storyboard"; sourceTree = "<group>"; };
		D5165D492D0DB1B100CC2BF7 /* Notifications.storyboard */ = {isa = PBXFileReference; fileEncoding = 4; lastKnownFileType = file.storyboard; path = Notifications.storyboard; sourceTree = "<group>"; };
		D5165D4B2D0DB1BB00CC2BF7 /* StoreManager.storyboard */ = {isa = PBXFileReference; fileEncoding = 4; lastKnownFileType = file.storyboard; path = StoreManager.storyboard; sourceTree = "<group>"; };
		E01DBB0A2D1FE34700766A27 /* ProductinfoViewController.swift */ = {isa = PBXFileReference; fileEncoding = 4; lastKnownFileType = sourcecode.swift; path = ProductinfoViewController.swift; sourceTree = "<group>"; };
		E01DBB0B2D1FE34700766A27 /* ViewMoreInfoViewController.swift */ = {isa = PBXFileReference; fileEncoding = 4; lastKnownFileType = sourcecode.swift; path = ViewMoreInfoViewController.swift; sourceTree = "<group>"; };
		E01DBB112D1FE3C000766A27 /* Home.storyboard */ = {isa = PBXFileReference; lastKnownFileType = file.storyboard; path = Home.storyboard; sourceTree = "<group>"; };
		E01DBB132D1FE43600766A27 /* ReviewsTableViewCell.swift */ = {isa = PBXFileReference; fileEncoding = 4; lastKnownFileType = sourcecode.swift; path = ReviewsTableViewCell.swift; sourceTree = "<group>"; };
		E01DBB142D1FE43600766A27 /* ReviewsViewController.swift */ = {isa = PBXFileReference; fileEncoding = 4; lastKnownFileType = sourcecode.swift; path = ReviewsViewController.swift; sourceTree = "<group>"; };
		E01DBB152D1FE43600766A27 /* WriteReviewViewController.swift */ = {isa = PBXFileReference; fileEncoding = 4; lastKnownFileType = sourcecode.swift; path = WriteReviewViewController.swift; sourceTree = "<group>"; };
		E01DBB192D1FE49600766A27 /* ProdCompViewController.swift */ = {isa = PBXFileReference; fileEncoding = 4; lastKnownFileType = sourcecode.swift; path = ProdCompViewController.swift; sourceTree = "<group>"; };
		E01DBB1B2D1FE4A400766A27 /* localData.json */ = {isa = PBXFileReference; fileEncoding = 4; lastKnownFileType = text.json; name = localData.json; path = "../../../Re-Leaf_Abdullah/ReLeaf/ReLeaf/localData.json"; sourceTree = "<group>"; };
		E01DBB1D2D1FE4DB00766A27 /* ProductCollectionViewCell.swift */ = {isa = PBXFileReference; fileEncoding = 4; lastKnownFileType = sourcecode.swift; path = ProductCollectionViewCell.swift; sourceTree = "<group>"; };
		E01DBB1E2D1FE4DB00766A27 /* HomeViewController.swift */ = {isa = PBXFileReference; fileEncoding = 4; lastKnownFileType = sourcecode.swift; path = HomeViewController.swift; sourceTree = "<group>"; };
		E01DBB1F2D1FE4DB00766A27 /* CustomFlowLayout.swift */ = {isa = PBXFileReference; fileEncoding = 4; lastKnownFileType = sourcecode.swift; path = CustomFlowLayout.swift; sourceTree = "<group>"; };
		E01DBB242D1FE4FC00766A27 /* User.swift */ = {isa = PBXFileReference; fileEncoding = 4; lastKnownFileType = sourcecode.swift; path = User.swift; sourceTree = "<group>"; };
		E01DBB252D1FE4FC00766A27 /* Review.swift */ = {isa = PBXFileReference; fileEncoding = 4; lastKnownFileType = sourcecode.swift; path = Review.swift; sourceTree = "<group>"; };
		E01DBB272D1FE4FC00766A27 /* Impact.swift */ = {isa = PBXFileReference; fileEncoding = 4; lastKnownFileType = sourcecode.swift; path = Impact.swift; sourceTree = "<group>"; };
		E01DBB282D1FE4FC00766A27 /* LocalData.swift */ = {isa = PBXFileReference; fileEncoding = 4; lastKnownFileType = sourcecode.swift; path = LocalData.swift; sourceTree = "<group>"; };
		E01DBB292D1FE4FC00766A27 /* Order.swift */ = {isa = PBXFileReference; fileEncoding = 4; lastKnownFileType = sourcecode.swift; path = Order.swift; sourceTree = "<group>"; };
		E01DBB2A2D1FE4FC00766A27 /* OrderProduct.swift */ = {isa = PBXFileReference; fileEncoding = 4; lastKnownFileType = sourcecode.swift; path = OrderProduct.swift; sourceTree = "<group>"; };
		E01DBB362D1FE5A600766A27 /* SessionManager.swift */ = {isa = PBXFileReference; fileEncoding = 4; lastKnownFileType = sourcecode.swift; path = SessionManager.swift; sourceTree = "<group>"; };
		E01DBB3A2D1FE5B600766A27 /* Profile.storyboard */ = {isa = PBXFileReference; lastKnownFileType = file.storyboard; path = Profile.storyboard; sourceTree = "<group>"; };
		E01DBB3C2D1FE5DC00766A27 /* StoreManagerProfile.storyboard */ = {isa = PBXFileReference; lastKnownFileType = file.storyboard; path = StoreManagerProfile.storyboard; sourceTree = "<group>"; };
		E01DBB3E2D1FE5FF00766A27 /* AdminProfile.storyboard */ = {isa = PBXFileReference; lastKnownFileType = file.storyboard; path = AdminProfile.storyboard; sourceTree = "<group>"; };
		E01DBB402D1FE61800766A27 /* ProfileSettingsViewController.swift */ = {isa = PBXFileReference; fileEncoding = 4; lastKnownFileType = sourcecode.swift; path = ProfileSettingsViewController.swift; sourceTree = "<group>"; };
		E01DBB412D1FE61800766A27 /* ProfileViewController.swift */ = {isa = PBXFileReference; fileEncoding = 4; lastKnownFileType = sourcecode.swift; path = ProfileViewController.swift; sourceTree = "<group>"; };
		E01DBB462D1FE62B00766A27 /* StoreManagerProfileViewController.swift */ = {isa = PBXFileReference; fileEncoding = 4; lastKnownFileType = sourcecode.swift; path = StoreManagerProfileViewController.swift; sourceTree = "<group>"; };
		E01DBB482D1FE63400766A27 /* LocalDataManager.swift */ = {isa = PBXFileReference; fileEncoding = 4; lastKnownFileType = sourcecode.swift; path = LocalDataManager.swift; sourceTree = "<group>"; };
		E01DBB4A2D1FE63400766A27 /* AdminProfileViewController.swift */ = {isa = PBXFileReference; fileEncoding = 4; lastKnownFileType = sourcecode.swift; path = AdminProfileViewController.swift; sourceTree = "<group>"; };
		E01DBB522D1FE7BD00766A27 /* ImpactMetricDashboardViewController.swift */ = {isa = PBXFileReference; fileEncoding = 4; lastKnownFileType = sourcecode.swift; path = ImpactMetricDashboardViewController.swift; sourceTree = "<group>"; };
		E01DBB542D1FE7BD00766A27 /* ProductImpactTrackerViewController.swift */ = {isa = PBXFileReference; fileEncoding = 4; lastKnownFileType = sourcecode.swift; path = ProductImpactTrackerViewController.swift; sourceTree = "<group>"; };
		E01DBB552D1FE7BD00766A27 /* AddProductExternallyViewController.swift */ = {isa = PBXFileReference; fileEncoding = 4; lastKnownFileType = sourcecode.swift; path = AddProductExternallyViewController.swift; sourceTree = "<group>"; };
		E01DBB5A2D1FE80500766A27 /* StoresListTableViewCell.swift */ = {isa = PBXFileReference; fileEncoding = 4; lastKnownFileType = sourcecode.swift; path = StoresListTableViewCell.swift; sourceTree = "<group>"; };
		E01DBB5C2D1FE80500766A27 /* StoresListTableViewController.swift */ = {isa = PBXFileReference; fileEncoding = 4; lastKnownFileType = sourcecode.swift; path = StoresListTableViewController.swift; sourceTree = "<group>"; };
		E01DBB5D2D1FE80500766A27 /* AddingStoreTableViewController.swift */ = {isa = PBXFileReference; fileEncoding = 4; lastKnownFileType = sourcecode.swift; path = AddingStoreTableViewController.swift; sourceTree = "<group>"; };
		E01DBB642D1FEBCC00766A27 /* ExperimentalDetails.swift */ = {isa = PBXFileReference; fileEncoding = 4; lastKnownFileType = sourcecode.swift; path = ExperimentalDetails.swift; sourceTree = "<group>"; };
		E01DBB662D1FEDE900766A27 /* Discount.storyboard */ = {isa = PBXFileReference; lastKnownFileType = file.storyboard; path = Discount.storyboard; sourceTree = "<group>"; };
		E01DBB682D1FEE1200766A27 /* disViewController.swift */ = {isa = PBXFileReference; fileEncoding = 4; lastKnownFileType = sourcecode.swift; path = disViewController.swift; sourceTree = "<group>"; };
		E01DBB692D1FEE1200766A27 /* dispagecell.swift */ = {isa = PBXFileReference; fileEncoding = 4; lastKnownFileType = sourcecode.swift; path = dispagecell.swift; sourceTree = "<group>"; };
		E01DBB6C2D1FEE2900766A27 /* DiscountCards.storyboard */ = {isa = PBXFileReference; lastKnownFileType = file.storyboard; path = DiscountCards.storyboard; sourceTree = "<group>"; };
		E01DBB6E2D1FEE4D00766A27 /* SpecialOffer.storyboard */ = {isa = PBXFileReference; lastKnownFileType = file.storyboard; path = SpecialOffer.storyboard; sourceTree = "<group>"; };
		E01DBB702D1FEE6600766A27 /* ProductDetailViewController.swift */ = {isa = PBXFileReference; fileEncoding = 4; lastKnownFileType = sourcecode.swift; path = ProductDetailViewController.swift; sourceTree = "<group>"; };
		E01DBB712D1FEE6600766A27 /* SpecialTableViewCell.swift */ = {isa = PBXFileReference; fileEncoding = 4; lastKnownFileType = sourcecode.swift; path = SpecialTableViewCell.swift; sourceTree = "<group>"; };
		E01DBB722D1FEE6600766A27 /* SpecialViewController.swift */ = {isa = PBXFileReference; fileEncoding = 4; lastKnownFileType = sourcecode.swift; path = SpecialViewController.swift; sourceTree = "<group>"; };
		E01DBB762D1FEEA900766A27 /* Search Page.storyboard */ = {isa = PBXFileReference; lastKnownFileType = file.storyboard; path = "Search Page.storyboard"; sourceTree = "<group>"; };
		E01DBB782D1FEEC600766A27 /* DiscountTableCell.swift */ = {isa = PBXFileReference; fileEncoding = 4; lastKnownFileType = sourcecode.swift; path = DiscountTableCell.swift; sourceTree = "<group>"; };
		E01DBB792D1FEEC600766A27 /* SearchPage.swift */ = {isa = PBXFileReference; fileEncoding = 4; lastKnownFileType = sourcecode.swift; path = SearchPage.swift; sourceTree = "<group>"; };
		E01DBB7A2D1FEEC600766A27 /* SearchPageTableViewCell.swift */ = {isa = PBXFileReference; fileEncoding = 4; lastKnownFileType = sourcecode.swift; path = SearchPageTableViewCell.swift; sourceTree = "<group>"; };
		E01DBB7B2D1FEEC600766A27 /* AddDiscount.swift */ = {isa = PBXFileReference; fileEncoding = 4; lastKnownFileType = sourcecode.swift; path = AddDiscount.swift; sourceTree = "<group>"; };
		E01DBB7C2D1FEEC600766A27 /* DiscountCards.swift */ = {isa = PBXFileReference; fileEncoding = 4; lastKnownFileType = sourcecode.swift; path = DiscountCards.swift; sourceTree = "<group>"; };
		E01DBB822D1FF67A00766A27 /* OrderedCartViewController.swift */ = {isa = PBXFileReference; fileEncoding = 4; lastKnownFileType = sourcecode.swift; path = OrderedCartViewController.swift; sourceTree = "<group>"; };
		E01DBB832D1FF67A00766A27 /* paymentCartViewController.swift */ = {isa = PBXFileReference; fileEncoding = 4; lastKnownFileType = sourcecode.swift; path = paymentCartViewController.swift; sourceTree = "<group>"; };
		E01DBB842D1FF67A00766A27 /* CartItemCell.swift */ = {isa = PBXFileReference; fileEncoding = 4; lastKnownFileType = sourcecode.swift; path = CartItemCell.swift; sourceTree = "<group>"; };
		E01DBB852D1FF67A00766A27 /* adressCartViewController.swift */ = {isa = PBXFileReference; fileEncoding = 4; lastKnownFileType = sourcecode.swift; path = adressCartViewController.swift; sourceTree = "<group>"; };
		E01DBB862D1FF67A00766A27 /* CartViewController.swift */ = {isa = PBXFileReference; fileEncoding = 4; lastKnownFileType = sourcecode.swift; path = CartViewController.swift; sourceTree = "<group>"; };
		E01DBB8C2D1FFAE000766A27 /* NotificationsTableViewController.swift */ = {isa = PBXFileReference; fileEncoding = 4; lastKnownFileType = sourcecode.swift; path = NotificationsTableViewController.swift; sourceTree = "<group>"; };
		E01DBB8D2D1FFAE000766A27 /* NotificationTableViewCell.swift */ = {isa = PBXFileReference; fileEncoding = 4; lastKnownFileType = sourcecode.swift; path = NotificationTableViewCell.swift; sourceTree = "<group>"; };
		E01DBB8E2D1FFAE000766A27 /* Notifs.swift */ = {isa = PBXFileReference; fileEncoding = 4; lastKnownFileType = sourcecode.swift; path = Notifs.swift; sourceTree = "<group>"; };
		E01DBB922D1FFB0500766A27 /* DataService.swift */ = {isa = PBXFileReference; fileEncoding = 4; lastKnownFileType = sourcecode.swift; path = DataService.swift; sourceTree = "<group>"; };
		E01DBB932D1FFB0600766A27 /* AddProductTableViewController.swift */ = {isa = PBXFileReference; fileEncoding = 4; lastKnownFileType = sourcecode.swift; path = AddProductTableViewController.swift; sourceTree = "<group>"; };
		E01DBB942D1FFB0600766A27 /* CustomTableViewCell.swift */ = {isa = PBXFileReference; fileEncoding = 4; lastKnownFileType = sourcecode.swift; path = CustomTableViewCell.swift; sourceTree = "<group>"; };
		E01DBB962D1FFB0600766A27 /* ShopTableViewController.swift */ = {isa = PBXFileReference; fileEncoding = 4; lastKnownFileType = sourcecode.swift; path = ShopTableViewController.swift; sourceTree = "<group>"; };
		E01DBB9D2D2024BE00766A27 /* Alternatives.storyboard */ = {isa = PBXFileReference; lastKnownFileType = file.storyboard; path = Alternatives.storyboard; sourceTree = "<group>"; };
		E01DBB9F2D2027DE00766A27 /* LoginSignup.storyboard */ = {isa = PBXFileReference; lastKnownFileType = file.storyboard; path = LoginSignup.storyboard; sourceTree = "<group>"; };
		E01DBBA12D20280B00766A27 /* LoginViewController.swift */ = {isa = PBXFileReference; fileEncoding = 4; lastKnownFileType = sourcecode.swift; path = LoginViewController.swift; sourceTree = "<group>"; };
		E01DBBA22D20280B00766A27 /* UserManager.swift */ = {isa = PBXFileReference; fileEncoding = 4; lastKnownFileType = sourcecode.swift; path = UserManager.swift; sourceTree = "<group>"; };
		E01DBBA52D20285D00766A27 /* signUpViewController.swift */ = {isa = PBXFileReference; fileEncoding = 4; lastKnownFileType = sourcecode.swift; path = signUpViewController.swift; sourceTree = "<group>"; };
		E01DBBA82D20292500766A27 /* TabBar.storyboard */ = {isa = PBXFileReference; lastKnownFileType = file.storyboard; path = TabBar.storyboard; sourceTree = "<group>"; };
		F23368292CF4854000A988FC /* ReLeaf.app */ = {isa = PBXFileReference; explicitFileType = wrapper.application; includeInIndex = 0; path = ReLeaf.app; sourceTree = BUILT_PRODUCTS_DIR; };
		F233682C2CF4854000A988FC /* AppDelegate.swift */ = {isa = PBXFileReference; lastKnownFileType = sourcecode.swift; path = AppDelegate.swift; sourceTree = "<group>"; };
		F233682E2CF4854000A988FC /* SceneDelegate.swift */ = {isa = PBXFileReference; lastKnownFileType = sourcecode.swift; path = SceneDelegate.swift; sourceTree = "<group>"; };
		F23368302CF4854000A988FC /* ViewController.swift */ = {isa = PBXFileReference; lastKnownFileType = sourcecode.swift; path = ViewController.swift; sourceTree = "<group>"; };
		F23368332CF4854000A988FC /* Base */ = {isa = PBXFileReference; lastKnownFileType = file.storyboard; name = Base; path = Base.lproj/Main.storyboard; sourceTree = "<group>"; };
		F23368352CF4854200A988FC /* Assets.xcassets */ = {isa = PBXFileReference; lastKnownFileType = folder.assetcatalog; path = Assets.xcassets; sourceTree = "<group>"; };
		F23368382CF4854200A988FC /* Base */ = {isa = PBXFileReference; lastKnownFileType = file.storyboard; name = Base; path = Base.lproj/LaunchScreen.storyboard; sourceTree = "<group>"; };
		F233683A2CF4854200A988FC /* Info.plist */ = {isa = PBXFileReference; lastKnownFileType = text.plist.xml; path = Info.plist; sourceTree = "<group>"; };
		F233683F2CF4854300A988FC /* ReLeafTests.xctest */ = {isa = PBXFileReference; explicitFileType = wrapper.cfbundle; includeInIndex = 0; path = ReLeafTests.xctest; sourceTree = BUILT_PRODUCTS_DIR; };
		F23368432CF4854300A988FC /* ReLeafTests.swift */ = {isa = PBXFileReference; lastKnownFileType = sourcecode.swift; path = ReLeafTests.swift; sourceTree = "<group>"; };
		F23368492CF4854300A988FC /* ReLeafUITests.xctest */ = {isa = PBXFileReference; explicitFileType = wrapper.cfbundle; includeInIndex = 0; path = ReLeafUITests.xctest; sourceTree = BUILT_PRODUCTS_DIR; };
		F233684D2CF4854300A988FC /* ReLeafUITests.swift */ = {isa = PBXFileReference; lastKnownFileType = sourcecode.swift; path = ReLeafUITests.swift; sourceTree = "<group>"; };
		F233684F2CF4854300A988FC /* ReLeafUITestsLaunchTests.swift */ = {isa = PBXFileReference; lastKnownFileType = sourcecode.swift; path = ReLeafUITestsLaunchTests.swift; sourceTree = "<group>"; };
/* End PBXFileReference section */

/* Begin PBXFrameworksBuildPhase section */
		F23368262CF4854000A988FC /* Frameworks */ = {
			isa = PBXFrameworksBuildPhase;
			buildActionMask = 2147483647;
			files = (
			);
			runOnlyForDeploymentPostprocessing = 0;
		};
		F233683C2CF4854300A988FC /* Frameworks */ = {
			isa = PBXFrameworksBuildPhase;
			buildActionMask = 2147483647;
			files = (
			);
			runOnlyForDeploymentPostprocessing = 0;
		};
		F23368462CF4854300A988FC /* Frameworks */ = {
			isa = PBXFrameworksBuildPhase;
			buildActionMask = 2147483647;
			files = (
			);
			runOnlyForDeploymentPostprocessing = 0;
		};
/* End PBXFrameworksBuildPhase section */

/* Begin PBXGroup section */
		E01DBB102D1FE36700766A27 /* Home */ = {
			isa = PBXGroup;
			children = (
				E01DBB112D1FE3C000766A27 /* Home.storyboard */,
				E01DBB1F2D1FE4DB00766A27 /* CustomFlowLayout.swift */,
				E01DBB1E2D1FE4DB00766A27 /* HomeViewController.swift */,
				E01DBB1D2D1FE4DB00766A27 /* ProductCollectionViewCell.swift */,
			);
			path = Home;
			sourceTree = "<group>";
		};
		E01DBB232D1FE4EC00766A27 /* Models */ = {
			isa = PBXGroup;
			children = (
				E01DBB272D1FE4FC00766A27 /* Impact.swift */,
				E01DBB282D1FE4FC00766A27 /* LocalData.swift */,
				E01DBB292D1FE4FC00766A27 /* Order.swift */,
				E01DBB2A2D1FE4FC00766A27 /* OrderProduct.swift */,
				E01DBB252D1FE4FC00766A27 /* Review.swift */,
				E01DBB242D1FE4FC00766A27 /* User.swift */,
				E01DBB642D1FEBCC00766A27 /* ExperimentalDetails.swift */,
			);
			path = Models;
			sourceTree = "<group>";
		};
		E01DBBA72D20291300766A27 /* TabBar */ = {
			isa = PBXGroup;
			children = (
				E01DBBA82D20292500766A27 /* TabBar.storyboard */,
			);
			path = TabBar;
			sourceTree = "<group>";
		};
		F23368202CF4854000A988FC = {
			isa = PBXGroup;
			children = (
				F233682B2CF4854000A988FC /* ReLeaf */,
				F23368422CF4854300A988FC /* ReLeafTests */,
				F233684C2CF4854300A988FC /* ReLeafUITests */,
				F233682A2CF4854000A988FC /* Products */,
			);
			sourceTree = "<group>";
		};
		F233682A2CF4854000A988FC /* Products */ = {
			isa = PBXGroup;
			children = (
				F23368292CF4854000A988FC /* ReLeaf.app */,
				F233683F2CF4854300A988FC /* ReLeafTests.xctest */,
				F23368492CF4854300A988FC /* ReLeafUITests.xctest */,
			);
			name = Products;
			sourceTree = "<group>";
		};
		F233682B2CF4854000A988FC /* ReLeaf */ = {
			isa = PBXGroup;
			children = (
				F233682C2CF4854000A988FC /* AppDelegate.swift */,
				F233682E2CF4854000A988FC /* SceneDelegate.swift */,
				F23368302CF4854000A988FC /* ViewController.swift */,
				E01DBBA72D20291300766A27 /* TabBar */,
				E01DBB232D1FE4EC00766A27 /* Models */,
				E01DBB102D1FE36700766A27 /* Home */,
				D09669242D0DB3DE003DA933 /* Product Info.storyboard */,
				E01DBB0A2D1FE34700766A27 /* ProductinfoViewController.swift */,
				E01DBB0B2D1FE34700766A27 /* ViewMoreInfoViewController.swift */,
				D09669202D0DB38F003DA933 /* Order page.storyboard */,
				D096691E2D0DB377003DA933 /* Cart Page.storyboard */,
				E01DBB852D1FF67A00766A27 /* adressCartViewController.swift */,
				E01DBB842D1FF67A00766A27 /* CartItemCell.swift */,
				E01DBB862D1FF67A00766A27 /* CartViewController.swift */,
				E01DBB822D1FF67A00766A27 /* OrderedCartViewController.swift */,
				E01DBB832D1FF67A00766A27 /* paymentCartViewController.swift */,
				F23368322CF4854000A988FC /* Main.storyboard */,
				F23368352CF4854200A988FC /* Assets.xcassets */,
				F23368372CF4854200A988FC /* LaunchScreen.storyboard */,
				E01DBB9D2D2024BE00766A27 /* Alternatives.storyboard */,
				E01DBB192D1FE49600766A27 /* ProdCompViewController.swift */,
				3F94C8AD2D0DAE1500CEA70D /* AReviews.storyboard */,
				E01DBB132D1FE43600766A27 /* ReviewsTableViewCell.swift */,
				E01DBB142D1FE43600766A27 /* ReviewsViewController.swift */,
				E01DBB152D1FE43600766A27 /* WriteReviewViewController.swift */,
				E01DBB662D1FEDE900766A27 /* Discount.storyboard */,
				E01DBB692D1FEE1200766A27 /* dispagecell.swift */,
				E01DBB682D1FEE1200766A27 /* disViewController.swift */,
				E01DBB6C2D1FEE2900766A27 /* DiscountCards.storyboard */,
				E01DBB6E2D1FEE4D00766A27 /* SpecialOffer.storyboard */,
				E01DBB702D1FEE6600766A27 /* ProductDetailViewController.swift */,
				E01DBB712D1FEE6600766A27 /* SpecialTableViewCell.swift */,
				E01DBB722D1FEE6600766A27 /* SpecialViewController.swift */,
				E01DBB762D1FEEA900766A27 /* Search Page.storyboard */,
				E01DBB7B2D1FEEC600766A27 /* AddDiscount.swift */,
				E01DBB7C2D1FEEC600766A27 /* DiscountCards.swift */,
				E01DBB782D1FEEC600766A27 /* DiscountTableCell.swift */,
				E01DBB792D1FEEC600766A27 /* SearchPage.swift */,
				E01DBB7A2D1FEEC600766A27 /* SearchPageTableViewCell.swift */,
				E01DBB362D1FE5A600766A27 /* SessionManager.swift */,
				E01DBB9F2D2027DE00766A27 /* LoginSignup.storyboard */,
				E01DBBA12D20280B00766A27 /* LoginViewController.swift */,
				E01DBBA22D20280B00766A27 /* UserManager.swift */,
				E01DBBA52D20285D00766A27 /* signUpViewController.swift */,
				E01DBB3A2D1FE5B600766A27 /* Profile.storyboard */,
				E01DBB402D1FE61800766A27 /* ProfileSettingsViewController.swift */,
				E01DBB412D1FE61800766A27 /* ProfileViewController.swift */,
				E01DBB3C2D1FE5DC00766A27 /* StoreManagerProfile.storyboard */,
				E01DBB462D1FE62B00766A27 /* StoreManagerProfileViewController.swift */,
				E01DBB3E2D1FE5FF00766A27 /* AdminProfile.storyboard */,
				E01DBB4A2D1FE63400766A27 /* AdminProfileViewController.swift */,
				E01DBB482D1FE63400766A27 /* LocalDataManager.swift */,
				ACC2D40C2D01A64400074709 /* Product Impact Tracker.storyboard */,
				E01DBB552D1FE7BD00766A27 /* AddProductExternallyViewController.swift */,
				E01DBB522D1FE7BD00766A27 /* ImpactMetricDashboardViewController.swift */,
				E01DBB542D1FE7BD00766A27 /* ProductImpactTrackerViewController.swift */,
				8398BCD52D07137A00DD8CFD /* AdminDashboard.storyboard */,
				E01DBB5D2D1FE80500766A27 /* AddingStoreTableViewController.swift */,
				E01DBB5A2D1FE80500766A27 /* StoresListTableViewCell.swift */,
				E01DBB5C2D1FE80500766A27 /* StoresListTableViewController.swift */,
				D5165D492D0DB1B100CC2BF7 /* Notifications.storyboard */,
				E01DBB8C2D1FFAE000766A27 /* NotificationsTableViewController.swift */,
				E01DBB8D2D1FFAE000766A27 /* NotificationTableViewCell.swift */,
				E01DBB8E2D1FFAE000766A27 /* Notifs.swift */,
				D5165D4B2D0DB1BB00CC2BF7 /* StoreManager.storyboard */,
				E01DBB932D1FFB0600766A27 /* AddProductTableViewController.swift */,
				E01DBB942D1FFB0600766A27 /* CustomTableViewCell.swift */,
				E01DBB922D1FFB0500766A27 /* DataService.swift */,
				E01DBB962D1FFB0600766A27 /* ShopTableViewController.swift */,
				F233683A2CF4854200A988FC /* Info.plist */,
				E01DBB1B2D1FE4A400766A27 /* localData.json */,
			);
			path = ReLeaf;
			sourceTree = "<group>";
		};
		F23368422CF4854300A988FC /* ReLeafTests */ = {
			isa = PBXGroup;
			children = (
				F23368432CF4854300A988FC /* ReLeafTests.swift */,
			);
			path = ReLeafTests;
			sourceTree = "<group>";
		};
		F233684C2CF4854300A988FC /* ReLeafUITests */ = {
			isa = PBXGroup;
			children = (
				F233684D2CF4854300A988FC /* ReLeafUITests.swift */,
				F233684F2CF4854300A988FC /* ReLeafUITestsLaunchTests.swift */,
			);
			path = ReLeafUITests;
			sourceTree = "<group>";
		};
/* End PBXGroup section */

/* Begin PBXNativeTarget section */
		F23368282CF4854000A988FC /* ReLeaf */ = {
			isa = PBXNativeTarget;
			buildConfigurationList = F23368532CF4854300A988FC /* Build configuration list for PBXNativeTarget "ReLeaf" */;
			buildPhases = (
				F23368252CF4854000A988FC /* Sources */,
				F23368262CF4854000A988FC /* Frameworks */,
				F23368272CF4854000A988FC /* Resources */,
			);
			buildRules = (
			);
			dependencies = (
			);
			name = ReLeaf;
			productName = ReLeaf;
			productReference = F23368292CF4854000A988FC /* ReLeaf.app */;
			productType = "com.apple.product-type.application";
		};
		F233683E2CF4854300A988FC /* ReLeafTests */ = {
			isa = PBXNativeTarget;
			buildConfigurationList = F23368562CF4854300A988FC /* Build configuration list for PBXNativeTarget "ReLeafTests" */;
			buildPhases = (
				F233683B2CF4854300A988FC /* Sources */,
				F233683C2CF4854300A988FC /* Frameworks */,
				F233683D2CF4854300A988FC /* Resources */,
			);
			buildRules = (
			);
			dependencies = (
				F23368412CF4854300A988FC /* PBXTargetDependency */,
			);
			name = ReLeafTests;
			productName = ReLeafTests;
			productReference = F233683F2CF4854300A988FC /* ReLeafTests.xctest */;
			productType = "com.apple.product-type.bundle.unit-test";
		};
		F23368482CF4854300A988FC /* ReLeafUITests */ = {
			isa = PBXNativeTarget;
			buildConfigurationList = F23368592CF4854300A988FC /* Build configuration list for PBXNativeTarget "ReLeafUITests" */;
			buildPhases = (
				F23368452CF4854300A988FC /* Sources */,
				F23368462CF4854300A988FC /* Frameworks */,
				F23368472CF4854300A988FC /* Resources */,
			);
			buildRules = (
			);
			dependencies = (
				F233684B2CF4854300A988FC /* PBXTargetDependency */,
			);
			name = ReLeafUITests;
			productName = ReLeafUITests;
			productReference = F23368492CF4854300A988FC /* ReLeafUITests.xctest */;
			productType = "com.apple.product-type.bundle.ui-testing";
		};
/* End PBXNativeTarget section */

/* Begin PBXProject section */
		F23368212CF4854000A988FC /* Project object */ = {
			isa = PBXProject;
			attributes = {
				BuildIndependentTargetsInParallel = 1;
				LastSwiftUpdateCheck = 1520;
				LastUpgradeCheck = 1520;
				TargetAttributes = {
					F23368282CF4854000A988FC = {
						CreatedOnToolsVersion = 15.2;
					};
					F233683E2CF4854300A988FC = {
						CreatedOnToolsVersion = 15.2;
						TestTargetID = F23368282CF4854000A988FC;
					};
					F23368482CF4854300A988FC = {
						CreatedOnToolsVersion = 15.2;
						TestTargetID = F23368282CF4854000A988FC;
					};
				};
			};
			buildConfigurationList = F23368242CF4854000A988FC /* Build configuration list for PBXProject "ReLeaf" */;
			compatibilityVersion = "Xcode 15.0";
			developmentRegion = en;
			hasScannedForEncodings = 0;
			knownRegions = (
				en,
				Base,
			);
			mainGroup = F23368202CF4854000A988FC;
			productRefGroup = F233682A2CF4854000A988FC /* Products */;
			projectDirPath = "";
			projectRoot = "";
			targets = (
				F23368282CF4854000A988FC /* ReLeaf */,
				F233683E2CF4854300A988FC /* ReLeafTests */,
				F23368482CF4854300A988FC /* ReLeafUITests */,
			);
		};
/* End PBXProject section */

/* Begin PBXResourcesBuildPhase section */
		F23368272CF4854000A988FC /* Resources */ = {
			isa = PBXResourcesBuildPhase;
			buildActionMask = 2147483647;
			files = (
				E01DBB3F2D1FE5FF00766A27 /* AdminProfile.storyboard in Resources */,
				F23368392CF4854200A988FC /* LaunchScreen.storyboard in Resources */,
				E01DBB1C2D1FE4A400766A27 /* localData.json in Resources */,
				D5165D4A2D0DB1B100CC2BF7 /* Notifications.storyboard in Resources */,
				8398BCD62D07137A00DD8CFD /* AdminDashboard.storyboard in Resources */,
				E01DBBA92D20292500766A27 /* TabBar.storyboard in Resources */,
				ACC2D40D2D01A64400074709 /* Product Impact Tracker.storyboard in Resources */,
				D09669212D0DB38F003DA933 /* Order page.storyboard in Resources */,
				F23368362CF4854200A988FC /* Assets.xcassets in Resources */,
				3F94C8AF2D0DAE1600CEA70D /* AReviews.storyboard in Resources */,
				E01DBB6F2D1FEE4D00766A27 /* SpecialOffer.storyboard in Resources */,
				E01DBB3D2D1FE5DC00766A27 /* StoreManagerProfile.storyboard in Resources */,
				E01DBB6D2D1FEE2900766A27 /* DiscountCards.storyboard in Resources */,
				E01DBB3B2D1FE5B600766A27 /* Profile.storyboard in Resources */,
				E01DBB122D1FE3C000766A27 /* Home.storyboard in Resources */,
				E01DBBA02D2027DE00766A27 /* LoginSignup.storyboard in Resources */,
				D096691F2D0DB377003DA933 /* Cart Page.storyboard in Resources */,
				E01DBB772D1FEEA900766A27 /* Search Page.storyboard in Resources */,
				F23368342CF4854000A988FC /* Main.storyboard in Resources */,
				E01DBB672D1FEDE900766A27 /* Discount.storyboard in Resources */,
				D5165D4C2D0DB1BB00CC2BF7 /* StoreManager.storyboard in Resources */,
				E01DBB9E2D2024BE00766A27 /* Alternatives.storyboard in Resources */,
				D09669252D0DB3DE003DA933 /* Product Info.storyboard in Resources */,
			);
			runOnlyForDeploymentPostprocessing = 0;
		};
		F233683D2CF4854300A988FC /* Resources */ = {
			isa = PBXResourcesBuildPhase;
			buildActionMask = 2147483647;
			files = (
			);
			runOnlyForDeploymentPostprocessing = 0;
		};
		F23368472CF4854300A988FC /* Resources */ = {
			isa = PBXResourcesBuildPhase;
			buildActionMask = 2147483647;
			files = (
			);
			runOnlyForDeploymentPostprocessing = 0;
		};
/* End PBXResourcesBuildPhase section */

/* Begin PBXSourcesBuildPhase section */
		F23368252CF4854000A988FC /* Sources */ = {
			isa = PBXSourcesBuildPhase;
			buildActionMask = 2147483647;
			files = (
				E01DBBA32D20280B00766A27 /* LoginViewController.swift in Sources */,
				E01DBB882D1FF67A00766A27 /* paymentCartViewController.swift in Sources */,
				E01DBB2C2D1FE4FC00766A27 /* User.swift in Sources */,
				F23368312CF4854000A988FC /* ViewController.swift in Sources */,
				F233682D2CF4854000A988FC /* AppDelegate.swift in Sources */,
				E01DBB612D1FE80500766A27 /* AddingStoreTableViewController.swift in Sources */,
				E01DBB202D1FE4DB00766A27 /* ProductCollectionViewCell.swift in Sources */,
				E01DBB0C2D1FE34700766A27 /* ProductinfoViewController.swift in Sources */,
				E01DBB432D1FE61900766A27 /* ProfileViewController.swift in Sources */,
				E01DBB972D1FFB0600766A27 /* DataService.swift in Sources */,
				E01DBB992D1FFB0600766A27 /* CustomTableViewCell.swift in Sources */,
				E01DBB7F2D1FEEC600766A27 /* SearchPageTableViewCell.swift in Sources */,
				E01DBB2F2D1FE4FC00766A27 /* Impact.swift in Sources */,
				E01DBB8F2D1FFAE000766A27 /* NotificationsTableViewController.swift in Sources */,
				E01DBB6B2D1FEE1200766A27 /* dispagecell.swift in Sources */,
				E01DBB0D2D1FE34700766A27 /* ViewMoreInfoViewController.swift in Sources */,
				E01DBB172D1FE43600766A27 /* ReviewsViewController.swift in Sources */,
				E01DBB582D1FE7BD00766A27 /* ProductImpactTrackerViewController.swift in Sources */,
				E01DBB422D1FE61900766A27 /* ProfileSettingsViewController.swift in Sources */,
				E01DBB752D1FEE6700766A27 /* SpecialViewController.swift in Sources */,
				E01DBB7D2D1FEEC600766A27 /* DiscountTableCell.swift in Sources */,
				E01DBB4E2D1FE63400766A27 /* AdminProfileViewController.swift in Sources */,
				E01DBB562D1FE7BD00766A27 /* ImpactMetricDashboardViewController.swift in Sources */,
				E01DBB602D1FE80500766A27 /* StoresListTableViewController.swift in Sources */,
				E01DBB592D1FE7BD00766A27 /* AddProductExternallyViewController.swift in Sources */,
				E01DBB812D1FEEC600766A27 /* DiscountCards.swift in Sources */,
				E01DBB6A2D1FEE1200766A27 /* disViewController.swift in Sources */,
				F233682F2CF4854000A988FC /* SceneDelegate.swift in Sources */,
				E01DBB472D1FE62B00766A27 /* StoreManagerProfileViewController.swift in Sources */,
				E01DBB902D1FFAE000766A27 /* NotificationTableViewCell.swift in Sources */,
				E01DBB212D1FE4DB00766A27 /* HomeViewController.swift in Sources */,
				E01DBB2D2D1FE4FC00766A27 /* Review.swift in Sources */,
				E01DBB982D1FFB0600766A27 /* AddProductTableViewController.swift in Sources */,
				E01DBB322D1FE4FC00766A27 /* OrderProduct.swift in Sources */,
				E01DBB742D1FEE6700766A27 /* SpecialTableViewCell.swift in Sources */,
				E01DBB8B2D1FF67A00766A27 /* CartViewController.swift in Sources */,
				E01DBB312D1FE4FC00766A27 /* Order.swift in Sources */,
				E01DBB182D1FE43600766A27 /* WriteReviewViewController.swift in Sources */,
				E01DBB9B2D1FFB0600766A27 /* ShopTableViewController.swift in Sources */,
				E01DBB5E2D1FE80500766A27 /* StoresListTableViewCell.swift in Sources */,
				E01DBB7E2D1FEEC600766A27 /* SearchPage.swift in Sources */,
				E01DBB872D1FF67A00766A27 /* OrderedCartViewController.swift in Sources */,
				E01DBBA62D20285D00766A27 /* signUpViewController.swift in Sources */,
				E01DBB892D1FF67A00766A27 /* CartItemCell.swift in Sources */,
				E01DBB4C2D1FE63400766A27 /* LocalDataManager.swift in Sources */,
				E01DBB1A2D1FE49600766A27 /* ProdCompViewController.swift in Sources */,
				E01DBB8A2D1FF67A00766A27 /* adressCartViewController.swift in Sources */,
				E01DBB222D1FE4DB00766A27 /* CustomFlowLayout.swift in Sources */,
				E01DBB802D1FEEC600766A27 /* AddDiscount.swift in Sources */,
				E01DBB652D1FEBCC00766A27 /* ExperimentalDetails.swift in Sources */,
				E01DBB302D1FE4FC00766A27 /* LocalData.swift in Sources */,
				E01DBB732D1FEE6700766A27 /* ProductDetailViewController.swift in Sources */,
				E01DBB912D1FFAE000766A27 /* Notifs.swift in Sources */,
				E01DBB162D1FE43600766A27 /* ReviewsTableViewCell.swift in Sources */,
				E01DBBA42D20280B00766A27 /* UserManager.swift in Sources */,
				E01DBB382D1FE5A600766A27 /* SessionManager.swift in Sources */,
			);
			runOnlyForDeploymentPostprocessing = 0;
		};
		F233683B2CF4854300A988FC /* Sources */ = {
			isa = PBXSourcesBuildPhase;
			buildActionMask = 2147483647;
			files = (
				F23368442CF4854300A988FC /* ReLeafTests.swift in Sources */,
			);
			runOnlyForDeploymentPostprocessing = 0;
		};
		F23368452CF4854300A988FC /* Sources */ = {
			isa = PBXSourcesBuildPhase;
			buildActionMask = 2147483647;
			files = (
				F233684E2CF4854300A988FC /* ReLeafUITests.swift in Sources */,
				F23368502CF4854300A988FC /* ReLeafUITestsLaunchTests.swift in Sources */,
			);
			runOnlyForDeploymentPostprocessing = 0;
		};
/* End PBXSourcesBuildPhase section */

/* Begin PBXTargetDependency section */
		F23368412CF4854300A988FC /* PBXTargetDependency */ = {
			isa = PBXTargetDependency;
			target = F23368282CF4854000A988FC /* ReLeaf */;
			targetProxy = F23368402CF4854300A988FC /* PBXContainerItemProxy */;
		};
		F233684B2CF4854300A988FC /* PBXTargetDependency */ = {
			isa = PBXTargetDependency;
			target = F23368282CF4854000A988FC /* ReLeaf */;
			targetProxy = F233684A2CF4854300A988FC /* PBXContainerItemProxy */;
		};
/* End PBXTargetDependency section */

/* Begin PBXVariantGroup section */
		F23368322CF4854000A988FC /* Main.storyboard */ = {
			isa = PBXVariantGroup;
			children = (
				F23368332CF4854000A988FC /* Base */,
			);
			name = Main.storyboard;
			sourceTree = "<group>";
		};
		F23368372CF4854200A988FC /* LaunchScreen.storyboard */ = {
			isa = PBXVariantGroup;
			children = (
				F23368382CF4854200A988FC /* Base */,
			);
			name = LaunchScreen.storyboard;
			sourceTree = "<group>";
		};
/* End PBXVariantGroup section */

/* Begin XCBuildConfiguration section */
		F23368512CF4854300A988FC /* Debug */ = {
			isa = XCBuildConfiguration;
			buildSettings = {
				ALWAYS_SEARCH_USER_PATHS = NO;
				ASSETCATALOG_COMPILER_GENERATE_SWIFT_ASSET_SYMBOL_EXTENSIONS = YES;
				CLANG_ANALYZER_NONNULL = YES;
				CLANG_ANALYZER_NUMBER_OBJECT_CONVERSION = YES_AGGRESSIVE;
				CLANG_CXX_LANGUAGE_STANDARD = "gnu++20";
				CLANG_ENABLE_MODULES = YES;
				CLANG_ENABLE_OBJC_ARC = YES;
				CLANG_ENABLE_OBJC_WEAK = YES;
				CLANG_WARN_BLOCK_CAPTURE_AUTORELEASING = YES;
				CLANG_WARN_BOOL_CONVERSION = YES;
				CLANG_WARN_COMMA = YES;
				CLANG_WARN_CONSTANT_CONVERSION = YES;
				CLANG_WARN_DEPRECATED_OBJC_IMPLEMENTATIONS = YES;
				CLANG_WARN_DIRECT_OBJC_ISA_USAGE = YES_ERROR;
				CLANG_WARN_DOCUMENTATION_COMMENTS = YES;
				CLANG_WARN_EMPTY_BODY = YES;
				CLANG_WARN_ENUM_CONVERSION = YES;
				CLANG_WARN_INFINITE_RECURSION = YES;
				CLANG_WARN_INT_CONVERSION = YES;
				CLANG_WARN_NON_LITERAL_NULL_CONVERSION = YES;
				CLANG_WARN_OBJC_IMPLICIT_RETAIN_SELF = YES;
				CLANG_WARN_OBJC_LITERAL_CONVERSION = YES;
				CLANG_WARN_OBJC_ROOT_CLASS = YES_ERROR;
				CLANG_WARN_QUOTED_INCLUDE_IN_FRAMEWORK_HEADER = YES;
				CLANG_WARN_RANGE_LOOP_ANALYSIS = YES;
				CLANG_WARN_STRICT_PROTOTYPES = YES;
				CLANG_WARN_SUSPICIOUS_MOVE = YES;
				CLANG_WARN_UNGUARDED_AVAILABILITY = YES_AGGRESSIVE;
				CLANG_WARN_UNREACHABLE_CODE = YES;
				CLANG_WARN__DUPLICATE_METHOD_MATCH = YES;
				COPY_PHASE_STRIP = NO;
				DEBUG_INFORMATION_FORMAT = dwarf;
				ENABLE_STRICT_OBJC_MSGSEND = YES;
				ENABLE_TESTABILITY = YES;
				ENABLE_USER_SCRIPT_SANDBOXING = YES;
				GCC_C_LANGUAGE_STANDARD = gnu17;
				GCC_DYNAMIC_NO_PIC = NO;
				GCC_NO_COMMON_BLOCKS = YES;
				GCC_OPTIMIZATION_LEVEL = 0;
				GCC_PREPROCESSOR_DEFINITIONS = (
					"DEBUG=1",
					"$(inherited)",
				);
				GCC_WARN_64_TO_32_BIT_CONVERSION = YES;
				GCC_WARN_ABOUT_RETURN_TYPE = YES_ERROR;
				GCC_WARN_UNDECLARED_SELECTOR = YES;
				GCC_WARN_UNINITIALIZED_AUTOS = YES_AGGRESSIVE;
				GCC_WARN_UNUSED_FUNCTION = YES;
				GCC_WARN_UNUSED_VARIABLE = YES;
				IPHONEOS_DEPLOYMENT_TARGET = 17.2;
				LOCALIZATION_PREFERS_STRING_CATALOGS = YES;
				MTL_ENABLE_DEBUG_INFO = INCLUDE_SOURCE;
				MTL_FAST_MATH = YES;
				ONLY_ACTIVE_ARCH = YES;
				SDKROOT = iphoneos;
				SWIFT_ACTIVE_COMPILATION_CONDITIONS = "DEBUG $(inherited)";
				SWIFT_OPTIMIZATION_LEVEL = "-Onone";
			};
			name = Debug;
		};
		F23368522CF4854300A988FC /* Release */ = {
			isa = XCBuildConfiguration;
			buildSettings = {
				ALWAYS_SEARCH_USER_PATHS = NO;
				ASSETCATALOG_COMPILER_GENERATE_SWIFT_ASSET_SYMBOL_EXTENSIONS = YES;
				CLANG_ANALYZER_NONNULL = YES;
				CLANG_ANALYZER_NUMBER_OBJECT_CONVERSION = YES_AGGRESSIVE;
				CLANG_CXX_LANGUAGE_STANDARD = "gnu++20";
				CLANG_ENABLE_MODULES = YES;
				CLANG_ENABLE_OBJC_ARC = YES;
				CLANG_ENABLE_OBJC_WEAK = YES;
				CLANG_WARN_BLOCK_CAPTURE_AUTORELEASING = YES;
				CLANG_WARN_BOOL_CONVERSION = YES;
				CLANG_WARN_COMMA = YES;
				CLANG_WARN_CONSTANT_CONVERSION = YES;
				CLANG_WARN_DEPRECATED_OBJC_IMPLEMENTATIONS = YES;
				CLANG_WARN_DIRECT_OBJC_ISA_USAGE = YES_ERROR;
				CLANG_WARN_DOCUMENTATION_COMMENTS = YES;
				CLANG_WARN_EMPTY_BODY = YES;
				CLANG_WARN_ENUM_CONVERSION = YES;
				CLANG_WARN_INFINITE_RECURSION = YES;
				CLANG_WARN_INT_CONVERSION = YES;
				CLANG_WARN_NON_LITERAL_NULL_CONVERSION = YES;
				CLANG_WARN_OBJC_IMPLICIT_RETAIN_SELF = YES;
				CLANG_WARN_OBJC_LITERAL_CONVERSION = YES;
				CLANG_WARN_OBJC_ROOT_CLASS = YES_ERROR;
				CLANG_WARN_QUOTED_INCLUDE_IN_FRAMEWORK_HEADER = YES;
				CLANG_WARN_RANGE_LOOP_ANALYSIS = YES;
				CLANG_WARN_STRICT_PROTOTYPES = YES;
				CLANG_WARN_SUSPICIOUS_MOVE = YES;
				CLANG_WARN_UNGUARDED_AVAILABILITY = YES_AGGRESSIVE;
				CLANG_WARN_UNREACHABLE_CODE = YES;
				CLANG_WARN__DUPLICATE_METHOD_MATCH = YES;
				COPY_PHASE_STRIP = NO;
				DEBUG_INFORMATION_FORMAT = "dwarf-with-dsym";
				ENABLE_NS_ASSERTIONS = NO;
				ENABLE_STRICT_OBJC_MSGSEND = YES;
				ENABLE_USER_SCRIPT_SANDBOXING = YES;
				GCC_C_LANGUAGE_STANDARD = gnu17;
				GCC_NO_COMMON_BLOCKS = YES;
				GCC_WARN_64_TO_32_BIT_CONVERSION = YES;
				GCC_WARN_ABOUT_RETURN_TYPE = YES_ERROR;
				GCC_WARN_UNDECLARED_SELECTOR = YES;
				GCC_WARN_UNINITIALIZED_AUTOS = YES_AGGRESSIVE;
				GCC_WARN_UNUSED_FUNCTION = YES;
				GCC_WARN_UNUSED_VARIABLE = YES;
				IPHONEOS_DEPLOYMENT_TARGET = 17.2;
				LOCALIZATION_PREFERS_STRING_CATALOGS = YES;
				MTL_ENABLE_DEBUG_INFO = NO;
				MTL_FAST_MATH = YES;
				SDKROOT = iphoneos;
				SWIFT_COMPILATION_MODE = wholemodule;
				VALIDATE_PRODUCT = YES;
			};
			name = Release;
		};
		F23368542CF4854300A988FC /* Debug */ = {
			isa = XCBuildConfiguration;
			buildSettings = {
				ASSETCATALOG_COMPILER_APPICON_NAME = AppIcon;
				ASSETCATALOG_COMPILER_GLOBAL_ACCENT_COLOR_NAME = AccentColor;
				CODE_SIGN_STYLE = Automatic;
				CURRENT_PROJECT_VERSION = 1;
				GENERATE_INFOPLIST_FILE = YES;
				INFOPLIST_FILE = ReLeaf/Info.plist;
				INFOPLIST_KEY_UIApplicationSupportsIndirectInputEvents = YES;
				INFOPLIST_KEY_UILaunchStoryboardName = LaunchScreen;
				INFOPLIST_KEY_UIMainStoryboardFile = Main;
				INFOPLIST_KEY_UISupportedInterfaceOrientations_iPad = "UIInterfaceOrientationPortrait UIInterfaceOrientationPortraitUpsideDown UIInterfaceOrientationLandscapeLeft UIInterfaceOrientationLandscapeRight";
				INFOPLIST_KEY_UISupportedInterfaceOrientations_iPhone = "UIInterfaceOrientationPortrait UIInterfaceOrientationLandscapeLeft UIInterfaceOrientationLandscapeRight";
				LD_RUNPATH_SEARCH_PATHS = (
					"$(inherited)",
					"@executable_path/Frameworks",
				);
				MARKETING_VERSION = 1.0;
				PRODUCT_BUNDLE_IDENTIFIER = "Bahrain-Polytechnic.ReLeaf";
				PRODUCT_NAME = "$(TARGET_NAME)";
				SWIFT_EMIT_LOC_STRINGS = YES;
				SWIFT_VERSION = 5.0;
				TARGETED_DEVICE_FAMILY = "1,2";
			};
			name = Debug;
		};
		F23368552CF4854300A988FC /* Release */ = {
			isa = XCBuildConfiguration;
			buildSettings = {
				ASSETCATALOG_COMPILER_APPICON_NAME = AppIcon;
				ASSETCATALOG_COMPILER_GLOBAL_ACCENT_COLOR_NAME = AccentColor;
				CODE_SIGN_STYLE = Automatic;
				CURRENT_PROJECT_VERSION = 1;
				GENERATE_INFOPLIST_FILE = YES;
				INFOPLIST_FILE = ReLeaf/Info.plist;
				INFOPLIST_KEY_UIApplicationSupportsIndirectInputEvents = YES;
				INFOPLIST_KEY_UILaunchStoryboardName = LaunchScreen;
				INFOPLIST_KEY_UIMainStoryboardFile = Main;
				INFOPLIST_KEY_UISupportedInterfaceOrientations_iPad = "UIInterfaceOrientationPortrait UIInterfaceOrientationPortraitUpsideDown UIInterfaceOrientationLandscapeLeft UIInterfaceOrientationLandscapeRight";
				INFOPLIST_KEY_UISupportedInterfaceOrientations_iPhone = "UIInterfaceOrientationPortrait UIInterfaceOrientationLandscapeLeft UIInterfaceOrientationLandscapeRight";
				LD_RUNPATH_SEARCH_PATHS = (
					"$(inherited)",
					"@executable_path/Frameworks",
				);
				MARKETING_VERSION = 1.0;
				PRODUCT_BUNDLE_IDENTIFIER = "Bahrain-Polytechnic.ReLeaf";
				PRODUCT_NAME = "$(TARGET_NAME)";
				SWIFT_EMIT_LOC_STRINGS = YES;
				SWIFT_VERSION = 5.0;
				TARGETED_DEVICE_FAMILY = "1,2";
			};
			name = Release;
		};
		F23368572CF4854300A988FC /* Debug */ = {
			isa = XCBuildConfiguration;
			buildSettings = {
				ALWAYS_EMBED_SWIFT_STANDARD_LIBRARIES = YES;
				BUNDLE_LOADER = "$(TEST_HOST)";
				CODE_SIGN_STYLE = Automatic;
				CURRENT_PROJECT_VERSION = 1;
				GENERATE_INFOPLIST_FILE = YES;
				IPHONEOS_DEPLOYMENT_TARGET = 17.2;
				MARKETING_VERSION = 1.0;
				PRODUCT_BUNDLE_IDENTIFIER = "Bahrain-Polytechnic.ReLeafTests";
				PRODUCT_NAME = "$(TARGET_NAME)";
				SWIFT_EMIT_LOC_STRINGS = NO;
				SWIFT_VERSION = 5.0;
				TARGETED_DEVICE_FAMILY = "1,2";
				TEST_HOST = "$(BUILT_PRODUCTS_DIR)/ReLeaf.app/$(BUNDLE_EXECUTABLE_FOLDER_PATH)/ReLeaf";
			};
			name = Debug;
		};
		F23368582CF4854300A988FC /* Release */ = {
			isa = XCBuildConfiguration;
			buildSettings = {
				ALWAYS_EMBED_SWIFT_STANDARD_LIBRARIES = YES;
				BUNDLE_LOADER = "$(TEST_HOST)";
				CODE_SIGN_STYLE = Automatic;
				CURRENT_PROJECT_VERSION = 1;
				GENERATE_INFOPLIST_FILE = YES;
				IPHONEOS_DEPLOYMENT_TARGET = 17.2;
				MARKETING_VERSION = 1.0;
				PRODUCT_BUNDLE_IDENTIFIER = "Bahrain-Polytechnic.ReLeafTests";
				PRODUCT_NAME = "$(TARGET_NAME)";
				SWIFT_EMIT_LOC_STRINGS = NO;
				SWIFT_VERSION = 5.0;
				TARGETED_DEVICE_FAMILY = "1,2";
				TEST_HOST = "$(BUILT_PRODUCTS_DIR)/ReLeaf.app/$(BUNDLE_EXECUTABLE_FOLDER_PATH)/ReLeaf";
			};
			name = Release;
		};
		F233685A2CF4854300A988FC /* Debug */ = {
			isa = XCBuildConfiguration;
			buildSettings = {
				ALWAYS_EMBED_SWIFT_STANDARD_LIBRARIES = YES;
				CODE_SIGN_STYLE = Automatic;
				CURRENT_PROJECT_VERSION = 1;
				GENERATE_INFOPLIST_FILE = YES;
				MARKETING_VERSION = 1.0;
				PRODUCT_BUNDLE_IDENTIFIER = "Bahrain-Polytechnic.ReLeafUITests";
				PRODUCT_NAME = "$(TARGET_NAME)";
				SWIFT_EMIT_LOC_STRINGS = NO;
				SWIFT_VERSION = 5.0;
				TARGETED_DEVICE_FAMILY = "1,2";
				TEST_TARGET_NAME = ReLeaf;
			};
			name = Debug;
		};
		F233685B2CF4854300A988FC /* Release */ = {
			isa = XCBuildConfiguration;
			buildSettings = {
				ALWAYS_EMBED_SWIFT_STANDARD_LIBRARIES = YES;
				CODE_SIGN_STYLE = Automatic;
				CURRENT_PROJECT_VERSION = 1;
				GENERATE_INFOPLIST_FILE = YES;
				MARKETING_VERSION = 1.0;
				PRODUCT_BUNDLE_IDENTIFIER = "Bahrain-Polytechnic.ReLeafUITests";
				PRODUCT_NAME = "$(TARGET_NAME)";
				SWIFT_EMIT_LOC_STRINGS = NO;
				SWIFT_VERSION = 5.0;
				TARGETED_DEVICE_FAMILY = "1,2";
				TEST_TARGET_NAME = ReLeaf;
			};
			name = Release;
		};
/* End XCBuildConfiguration section */

/* Begin XCConfigurationList section */
		F23368242CF4854000A988FC /* Build configuration list for PBXProject "ReLeaf" */ = {
			isa = XCConfigurationList;
			buildConfigurations = (
				F23368512CF4854300A988FC /* Debug */,
				F23368522CF4854300A988FC /* Release */,
			);
			defaultConfigurationIsVisible = 0;
			defaultConfigurationName = Release;
		};
		F23368532CF4854300A988FC /* Build configuration list for PBXNativeTarget "ReLeaf" */ = {
			isa = XCConfigurationList;
			buildConfigurations = (
				F23368542CF4854300A988FC /* Debug */,
				F23368552CF4854300A988FC /* Release */,
			);
			defaultConfigurationIsVisible = 0;
			defaultConfigurationName = Release;
		};
		F23368562CF4854300A988FC /* Build configuration list for PBXNativeTarget "ReLeafTests" */ = {
			isa = XCConfigurationList;
			buildConfigurations = (
				F23368572CF4854300A988FC /* Debug */,
				F23368582CF4854300A988FC /* Release */,
			);
			defaultConfigurationIsVisible = 0;
			defaultConfigurationName = Release;
		};
		F23368592CF4854300A988FC /* Build configuration list for PBXNativeTarget "ReLeafUITests" */ = {
			isa = XCConfigurationList;
			buildConfigurations = (
				F233685A2CF4854300A988FC /* Debug */,
				F233685B2CF4854300A988FC /* Release */,
			);
			defaultConfigurationIsVisible = 0;
			defaultConfigurationName = Release;
		};
/* End XCConfigurationList section */
	};
	rootObject = F23368212CF4854000A988FC /* Project object */;
}
