// !$*UTF8*$!
{
	archiveVersion = 1;
	classes = {
	};
	objectVersion = 60;
	objects = {

/* Begin PBXBuildFile section */
		3F5542712D1C1CFF00FBE75C /* HomeViewController.swift in Sources */ = {isa = PBXBuildFile; fileRef = 3F5542702D1C1CFF00FBE75C /* HomeViewController.swift */; };
		3F5542742D1C1F5200FBE75C /* Shop.swift in Sources */ = {isa = PBXBuildFile; fileRef = 3F5542732D1C1F5200FBE75C /* Shop.swift */; };
		3F5542762D1C1F7700FBE75C /* User.swift in Sources */ = {isa = PBXBuildFile; fileRef = 3F5542752D1C1F7700FBE75C /* User.swift */; };
		3F5542782D1C1F8600FBE75C /* Order.swift in Sources */ = {isa = PBXBuildFile; fileRef = 3F5542772D1C1F8600FBE75C /* Order.swift */; };
		3F55427A2D1C262900FBE75C /* LocalData.swift in Sources */ = {isa = PBXBuildFile; fileRef = 3F5542792D1C262900FBE75C /* LocalData.swift */; };
		3F55427C2D1C270900FBE75C /* OrderProduct.swift in Sources */ = {isa = PBXBuildFile; fileRef = 3F55427B2D1C270900FBE75C /* OrderProduct.swift */; };
		3F55427E2D1C2D4B00FBE75C /* ProductCollectionViewCell.swift in Sources */ = {isa = PBXBuildFile; fileRef = 3F55427D2D1C2D4B00FBE75C /* ProductCollectionViewCell.swift */; };
		3F94C8B42D0DC25400CEA70D /* ProdCompViewController.swift in Sources */ = {isa = PBXBuildFile; fileRef = 3F94C8B32D0DC25400CEA70D /* ProdCompViewController.swift */; };
		3F94C8B62D0DCE7B00CEA70D /* Alternatives.storyboard in Resources */ = {isa = PBXBuildFile; fileRef = 3F94C8B52D0DCE7B00CEA70D /* Alternatives.storyboard */; };
		3FEEDC012D1C7AD000C6BCB6 /* ProfilePage.storyboard in Resources */ = {isa = PBXBuildFile; fileRef = 3FEEDC002D1C7AD000C6BCB6 /* ProfilePage.storyboard */; };
		3FEEDC032D1C816B00C6BCB6 /* ProductinfoViewController.swift in Sources */ = {isa = PBXBuildFile; fileRef = 3FEEDC022D1C816A00C6BCB6 /* ProductinfoViewController.swift */; };
		3FEEDC052D1C817800C6BCB6 /* CartViewController.swift in Sources */ = {isa = PBXBuildFile; fileRef = 3FEEDC042D1C817800C6BCB6 /* CartViewController.swift */; };
		8398BCD62D07137A00DD8CFD /* AdminDashboard.storyboard in Resources */ = {isa = PBXBuildFile; fileRef = 8398BCD52D07137A00DD8CFD /* AdminDashboard.storyboard */; };
		83F9ECA52D0DB8A700816FC8 /* bader special offer.storyboard in Resources */ = {isa = PBXBuildFile; fileRef = 83F9ECA12D0DB8A700816FC8 /* bader special offer.storyboard */; };
		83F9ECA62D0DB8A700816FC8 /* bader's search and filter page.storyboard in Resources */ = {isa = PBXBuildFile; fileRef = 83F9ECA22D0DB8A700816FC8 /* bader's search and filter page.storyboard */; };
		83F9ECA72D0DB8A700816FC8 /* Bader discount page.storyboard in Resources */ = {isa = PBXBuildFile; fileRef = 83F9ECA32D0DB8A700816FC8 /* Bader discount page.storyboard */; };
		83F9ECA82D0DB8A700816FC8 /* Bader set coupons.storyboard in Resources */ = {isa = PBXBuildFile; fileRef = 83F9ECA42D0DB8A700816FC8 /* Bader set coupons.storyboard */; };
		83F9ECAA2D0DB9E600816FC8 /* loginPage.storyboard in Resources */ = {isa = PBXBuildFile; fileRef = 83F9ECA92D0DB9E600816FC8 /* loginPage.storyboard */; };
		ACC2D40D2D01A64400074709 /* Product Impact Tracker.storyboard in Resources */ = {isa = PBXBuildFile; fileRef = ACC2D40C2D01A64400074709 /* Product Impact Tracker.storyboard */; };
		D096691F2D0DB377003DA933 /* Cart Page.storyboard in Resources */ = {isa = PBXBuildFile; fileRef = D096691E2D0DB377003DA933 /* Cart Page.storyboard */; };
		D09669212D0DB38F003DA933 /* Order page.storyboard in Resources */ = {isa = PBXBuildFile; fileRef = D09669202D0DB38F003DA933 /* Order page.storyboard */; };
		D09669252D0DB3DE003DA933 /* Product Info.storyboard in Resources */ = {isa = PBXBuildFile; fileRef = D09669242D0DB3DE003DA933 /* Product Info.storyboard */; };
		D5165D4A2D0DB1B100CC2BF7 /* Notifications.storyboard in Resources */ = {isa = PBXBuildFile; fileRef = D5165D492D0DB1B100CC2BF7 /* Notifications.storyboard */; };
		D5165D4C2D0DB1BB00CC2BF7 /* StoreManager.storyboard in Resources */ = {isa = PBXBuildFile; fileRef = D5165D4B2D0DB1BB00CC2BF7 /* StoreManager.storyboard */; };
		D538B09B2D1AD066009F6E74 /* ReviewsTableViewCell.swift in Sources */ = {isa = PBXBuildFile; fileRef = D538B09A2D1AD066009F6E74 /* ReviewsTableViewCell.swift */; };
		D538B09D2D1AD073009F6E74 /* ReviewsViewController.swift in Sources */ = {isa = PBXBuildFile; fileRef = D538B09C2D1AD073009F6E74 /* ReviewsViewController.swift */; };
		D538B09F2D1AD078009F6E74 /* Review.swift in Sources */ = {isa = PBXBuildFile; fileRef = D538B09E2D1AD078009F6E74 /* Review.swift */; };
		D538B0A32D1AD0B8009F6E74 /* WriteReviewViewController.swift in Sources */ = {isa = PBXBuildFile; fileRef = D538B0A22D1AD0B8009F6E74 /* WriteReviewViewController.swift */; };
		D538B0A52D1AE231009F6E74 /* localData.json in Resources */ = {isa = PBXBuildFile; fileRef = D538B0A42D1AE231009F6E74 /* localData.json */; };
		D538B0A92D1AFFAA009F6E74 /* Home.storyboard in Resources */ = {isa = PBXBuildFile; fileRef = D538B0A82D1AFFAA009F6E74 /* Home.storyboard */; };
		D538B0AB2D1B2EAB009F6E74 /* AReviews.storyboard in Resources */ = {isa = PBXBuildFile; fileRef = D538B0AA2D1B2EAB009F6E74 /* AReviews.storyboard */; };
		E0BA1CCA2D1B4780009F63B9 /* TabBar.storyboard in Resources */ = {isa = PBXBuildFile; fileRef = E0BA1CC92D1B4780009F63B9 /* TabBar.storyboard */; };
		F233682D2CF4854000A988FC /* AppDelegate.swift in Sources */ = {isa = PBXBuildFile; fileRef = F233682C2CF4854000A988FC /* AppDelegate.swift */; };
		F233682F2CF4854000A988FC /* SceneDelegate.swift in Sources */ = {isa = PBXBuildFile; fileRef = F233682E2CF4854000A988FC /* SceneDelegate.swift */; };
		F23368312CF4854000A988FC /* ViewController.swift in Sources */ = {isa = PBXBuildFile; fileRef = F23368302CF4854000A988FC /* ViewController.swift */; };
		F23368342CF4854000A988FC /* Main.storyboard in Resources */ = {isa = PBXBuildFile; fileRef = F23368322CF4854000A988FC /* Main.storyboard */; };
		F23368362CF4854200A988FC /* Assets.xcassets in Resources */ = {isa = PBXBuildFile; fileRef = F23368352CF4854200A988FC /* Assets.xcassets */; };
		F23368392CF4854200A988FC /* LaunchScreen.storyboard in Resources */ = {isa = PBXBuildFile; fileRef = F23368372CF4854200A988FC /* LaunchScreen.storyboard */; };
		F23368442CF4854300A988FC /* ReLeafTests.swift in Sources */ = {isa = PBXBuildFile; fileRef = F23368432CF4854300A988FC /* ReLeafTests.swift */; };
		F233684E2CF4854300A988FC /* ReLeafUITests.swift in Sources */ = {isa = PBXBuildFile; fileRef = F233684D2CF4854300A988FC /* ReLeafUITests.swift */; };
		F23368502CF4854300A988FC /* ReLeafUITestsLaunchTests.swift in Sources */ = {isa = PBXBuildFile; fileRef = F233684F2CF4854300A988FC /* ReLeafUITestsLaunchTests.swift */; };
/* End PBXBuildFile section */

/* Begin PBXContainerItemProxy section */
		F23368402CF4854300A988FC /* PBXContainerItemProxy */ = {
			isa = PBXContainerItemProxy;
			containerPortal = F23368212CF4854000A988FC /* Project object */;
			proxyType = 1;
			remoteGlobalIDString = F23368282CF4854000A988FC;
			remoteInfo = ReLeaf;
		};
		F233684A2CF4854300A988FC /* PBXContainerItemProxy */ = {
			isa = PBXContainerItemProxy;
			containerPortal = F23368212CF4854000A988FC /* Project object */;
			proxyType = 1;
			remoteGlobalIDString = F23368282CF4854000A988FC;
			remoteInfo = ReLeaf;
		};
/* End PBXContainerItemProxy section */

/* Begin PBXFileReference section */
		3F5542702D1C1CFF00FBE75C /* HomeViewController.swift */ = {isa = PBXFileReference; lastKnownFileType = sourcecode.swift; path = HomeViewController.swift; sourceTree = "<group>"; };
		3F5542732D1C1F5200FBE75C /* Shop.swift */ = {isa = PBXFileReference; lastKnownFileType = sourcecode.swift; path = Shop.swift; sourceTree = "<group>"; };
		3F5542752D1C1F7700FBE75C /* User.swift */ = {isa = PBXFileReference; lastKnownFileType = sourcecode.swift; path = User.swift; sourceTree = "<group>"; };
		3F5542772D1C1F8600FBE75C /* Order.swift */ = {isa = PBXFileReference; lastKnownFileType = sourcecode.swift; path = Order.swift; sourceTree = "<group>"; };
		3F5542792D1C262900FBE75C /* LocalData.swift */ = {isa = PBXFileReference; lastKnownFileType = sourcecode.swift; path = LocalData.swift; sourceTree = "<group>"; };
		3F55427B2D1C270900FBE75C /* OrderProduct.swift */ = {isa = PBXFileReference; lastKnownFileType = sourcecode.swift; path = OrderProduct.swift; sourceTree = "<group>"; };
		3F55427D2D1C2D4B00FBE75C /* ProductCollectionViewCell.swift */ = {isa = PBXFileReference; lastKnownFileType = sourcecode.swift; path = ProductCollectionViewCell.swift; sourceTree = "<group>"; };
		3F94C8B32D0DC25400CEA70D /* ProdCompViewController.swift */ = {isa = PBXFileReference; lastKnownFileType = sourcecode.swift; path = ProdCompViewController.swift; sourceTree = "<group>"; };
		3F94C8B52D0DCE7B00CEA70D /* Alternatives.storyboard */ = {isa = PBXFileReference; lastKnownFileType = file.storyboard; path = Alternatives.storyboard; sourceTree = "<group>"; };
		3FEEDC002D1C7AD000C6BCB6 /* ProfilePage.storyboard */ = {isa = PBXFileReference; lastKnownFileType = file.storyboard; path = ProfilePage.storyboard; sourceTree = "<group>"; };
		3FEEDC022D1C816A00C6BCB6 /* ProductinfoViewController.swift */ = {isa = PBXFileReference; fileEncoding = 4; lastKnownFileType = sourcecode.swift; path = ProductinfoViewController.swift; sourceTree = "<group>"; };
		3FEEDC042D1C817800C6BCB6 /* CartViewController.swift */ = {isa = PBXFileReference; fileEncoding = 4; lastKnownFileType = sourcecode.swift; path = CartViewController.swift; sourceTree = "<group>"; };
		8398BCD52D07137A00DD8CFD /* AdminDashboard.storyboard */ = {isa = PBXFileReference; lastKnownFileType = file.storyboard; path = AdminDashboard.storyboard; sourceTree = "<group>"; };
		83F9ECA12D0DB8A700816FC8 /* bader special offer.storyboard */ = {isa = PBXFileReference; fileEncoding = 4; lastKnownFileType = file.storyboard; path = "bader special offer.storyboard"; sourceTree = "<group>"; };
		83F9ECA22D0DB8A700816FC8 /* bader's search and filter page.storyboard */ = {isa = PBXFileReference; fileEncoding = 4; lastKnownFileType = file.storyboard; path = "bader's search and filter page.storyboard"; sourceTree = "<group>"; };
		83F9ECA32D0DB8A700816FC8 /* Bader discount page.storyboard */ = {isa = PBXFileReference; fileEncoding = 4; lastKnownFileType = file.storyboard; path = "Bader discount page.storyboard"; sourceTree = "<group>"; };
		83F9ECA42D0DB8A700816FC8 /* Bader set coupons.storyboard */ = {isa = PBXFileReference; fileEncoding = 4; lastKnownFileType = file.storyboard; path = "Bader set coupons.storyboard"; sourceTree = "<group>"; };
		83F9ECA92D0DB9E600816FC8 /* loginPage.storyboard */ = {isa = PBXFileReference; fileEncoding = 4; lastKnownFileType = file.storyboard; path = loginPage.storyboard; sourceTree = "<group>"; };
		ACC2D40C2D01A64400074709 /* Product Impact Tracker.storyboard */ = {isa = PBXFileReference; fileEncoding = 4; lastKnownFileType = file.storyboard; path = "Product Impact Tracker.storyboard"; sourceTree = "<group>"; };
		D096691E2D0DB377003DA933 /* Cart Page.storyboard */ = {isa = PBXFileReference; fileEncoding = 4; lastKnownFileType = file.storyboard; path = "Cart Page.storyboard"; sourceTree = "<group>"; };
		D09669202D0DB38F003DA933 /* Order page.storyboard */ = {isa = PBXFileReference; fileEncoding = 4; lastKnownFileType = file.storyboard; path = "Order page.storyboard"; sourceTree = "<group>"; };
		D09669242D0DB3DE003DA933 /* Product Info.storyboard */ = {isa = PBXFileReference; fileEncoding = 4; lastKnownFileType = file.storyboard; path = "Product Info.storyboard"; sourceTree = "<group>"; };
		D5165D492D0DB1B100CC2BF7 /* Notifications.storyboard */ = {isa = PBXFileReference; fileEncoding = 4; lastKnownFileType = file.storyboard; path = Notifications.storyboard; sourceTree = "<group>"; };
		D5165D4B2D0DB1BB00CC2BF7 /* StoreManager.storyboard */ = {isa = PBXFileReference; fileEncoding = 4; lastKnownFileType = file.storyboard; path = StoreManager.storyboard; sourceTree = "<group>"; };
		D538B09A2D1AD066009F6E74 /* ReviewsTableViewCell.swift */ = {isa = PBXFileReference; fileEncoding = 4; lastKnownFileType = sourcecode.swift; path = ReviewsTableViewCell.swift; sourceTree = "<group>"; };
		D538B09C2D1AD073009F6E74 /* ReviewsViewController.swift */ = {isa = PBXFileReference; fileEncoding = 4; lastKnownFileType = sourcecode.swift; path = ReviewsViewController.swift; sourceTree = "<group>"; };
		D538B09E2D1AD078009F6E74 /* Review.swift */ = {isa = PBXFileReference; fileEncoding = 4; lastKnownFileType = sourcecode.swift; path = Review.swift; sourceTree = "<group>"; };
		D538B0A22D1AD0B8009F6E74 /* WriteReviewViewController.swift */ = {isa = PBXFileReference; fileEncoding = 4; lastKnownFileType = sourcecode.swift; path = WriteReviewViewController.swift; sourceTree = "<group>"; };
		D538B0A42D1AE231009F6E74 /* localData.json */ = {isa = PBXFileReference; fileEncoding = 4; lastKnownFileType = text.json; path = localData.json; sourceTree = "<group>"; };
		D538B0A82D1AFFAA009F6E74 /* Home.storyboard */ = {isa = PBXFileReference; lastKnownFileType = file.storyboard; path = Home.storyboard; sourceTree = "<group>"; };
		D538B0AA2D1B2EAB009F6E74 /* AReviews.storyboard */ = {isa = PBXFileReference; lastKnownFileType = file.storyboard; path = AReviews.storyboard; sourceTree = "<group>"; };
		E0BA1CC92D1B4780009F63B9 /* TabBar.storyboard */ = {isa = PBXFileReference; lastKnownFileType = file.storyboard; path = TabBar.storyboard; sourceTree = "<group>"; };
		F23368292CF4854000A988FC /* ReLeaf.app */ = {isa = PBXFileReference; explicitFileType = wrapper.application; includeInIndex = 0; path = ReLeaf.app; sourceTree = BUILT_PRODUCTS_DIR; };
		F233682C2CF4854000A988FC /* AppDelegate.swift */ = {isa = PBXFileReference; lastKnownFileType = sourcecode.swift; path = AppDelegate.swift; sourceTree = "<group>"; };
		F233682E2CF4854000A988FC /* SceneDelegate.swift */ = {isa = PBXFileReference; lastKnownFileType = sourcecode.swift; path = SceneDelegate.swift; sourceTree = "<group>"; };
		F23368302CF4854000A988FC /* ViewController.swift */ = {isa = PBXFileReference; lastKnownFileType = sourcecode.swift; path = ViewController.swift; sourceTree = "<group>"; };
		F23368332CF4854000A988FC /* Base */ = {isa = PBXFileReference; lastKnownFileType = file.storyboard; name = Base; path = Base.lproj/Main.storyboard; sourceTree = "<group>"; };
		F23368352CF4854200A988FC /* Assets.xcassets */ = {isa = PBXFileReference; lastKnownFileType = folder.assetcatalog; path = Assets.xcassets; sourceTree = "<group>"; };
		F23368382CF4854200A988FC /* Base */ = {isa = PBXFileReference; lastKnownFileType = file.storyboard; name = Base; path = Base.lproj/LaunchScreen.storyboard; sourceTree = "<group>"; };
		F233683A2CF4854200A988FC /* Info.plist */ = {isa = PBXFileReference; lastKnownFileType = text.plist.xml; path = Info.plist; sourceTree = "<group>"; };
		F233683F2CF4854300A988FC /* ReLeafTests.xctest */ = {isa = PBXFileReference; explicitFileType = wrapper.cfbundle; includeInIndex = 0; path = ReLeafTests.xctest; sourceTree = BUILT_PRODUCTS_DIR; };
		F23368432CF4854300A988FC /* ReLeafTests.swift */ = {isa = PBXFileReference; lastKnownFileType = sourcecode.swift; path = ReLeafTests.swift; sourceTree = "<group>"; };
		F23368492CF4854300A988FC /* ReLeafUITests.xctest */ = {isa = PBXFileReference; explicitFileType = wrapper.cfbundle; includeInIndex = 0; path = ReLeafUITests.xctest; sourceTree = BUILT_PRODUCTS_DIR; };
		F233684D2CF4854300A988FC /* ReLeafUITests.swift */ = {isa = PBXFileReference; lastKnownFileType = sourcecode.swift; path = ReLeafUITests.swift; sourceTree = "<group>"; };
		F233684F2CF4854300A988FC /* ReLeafUITestsLaunchTests.swift */ = {isa = PBXFileReference; lastKnownFileType = sourcecode.swift; path = ReLeafUITestsLaunchTests.swift; sourceTree = "<group>"; };
/* End PBXFileReference section */

/* Begin PBXFrameworksBuildPhase section */
		F23368262CF4854000A988FC /* Frameworks */ = {
			isa = PBXFrameworksBuildPhase;
			buildActionMask = 2147483647;
			files = (
			);
			runOnlyForDeploymentPostprocessing = 0;
		};
		F233683C2CF4854300A988FC /* Frameworks */ = {
			isa = PBXFrameworksBuildPhase;
			buildActionMask = 2147483647;
			files = (
			);
			runOnlyForDeploymentPostprocessing = 0;
		};
		F23368462CF4854300A988FC /* Frameworks */ = {
			isa = PBXFrameworksBuildPhase;
			buildActionMask = 2147483647;
			files = (
			);
			runOnlyForDeploymentPostprocessing = 0;
		};
/* End PBXFrameworksBuildPhase section */

/* Begin PBXGroup section */
		3F5542722D1C1F2900FBE75C /* Models */ = {
			isa = PBXGroup;
			children = (
				D538B09E2D1AD078009F6E74 /* Review.swift */,
				3F5542732D1C1F5200FBE75C /* Shop.swift */,
				3F5542752D1C1F7700FBE75C /* User.swift */,
				3F5542772D1C1F8600FBE75C /* Order.swift */,
				3F55427B2D1C270900FBE75C /* OrderProduct.swift */,
				3F5542792D1C262900FBE75C /* LocalData.swift */,
			);
			path = Models;
			sourceTree = "<group>";
		};
		3FEEDC062D1C94E500C6BCB6 /* Home */ = {
			isa = PBXGroup;
			children = (
				D538B0A82D1AFFAA009F6E74 /* Home.storyboard */,
				3F5542702D1C1CFF00FBE75C /* HomeViewController.swift */,
				3F55427D2D1C2D4B00FBE75C /* ProductCollectionViewCell.swift */,
			);
			path = Home;
			sourceTree = "<group>";
		};
		E0BA1CC82D1B46BD009F63B9 /* TabBar */ = {
			isa = PBXGroup;
			children = (
				E0BA1CC92D1B4780009F63B9 /* TabBar.storyboard */,
			);
			path = TabBar;
			sourceTree = "<group>";
		};
		F23368202CF4854000A988FC = {
			isa = PBXGroup;
			children = (
				F233682B2CF4854000A988FC /* ReLeaf */,
				F23368422CF4854300A988FC /* ReLeafTests */,
				F233684C2CF4854300A988FC /* ReLeafUITests */,
				F233682A2CF4854000A988FC /* Products */,
			);
			sourceTree = "<group>";
		};
		F233682A2CF4854000A988FC /* Products */ = {
			isa = PBXGroup;
			children = (
				F23368292CF4854000A988FC /* ReLeaf.app */,
				F233683F2CF4854300A988FC /* ReLeafTests.xctest */,
				F23368492CF4854300A988FC /* ReLeafUITests.xctest */,
			);
			name = Products;
			sourceTree = "<group>";
		};
		F233682B2CF4854000A988FC /* ReLeaf */ = {
			isa = PBXGroup;
			children = (
				F233682C2CF4854000A988FC /* AppDelegate.swift */,
				F233682E2CF4854000A988FC /* SceneDelegate.swift */,
				F23368302CF4854000A988FC /* ViewController.swift */,
				3F5542722D1C1F2900FBE75C /* Models */,
				E0BA1CC82D1B46BD009F63B9 /* TabBar */,
				3FEEDC062D1C94E500C6BCB6 /* Home */,
				D09669242D0DB3DE003DA933 /* Product Info.storyboard */,
				3FEEDC022D1C816A00C6BCB6 /* ProductinfoViewController.swift */,
				D09669202D0DB38F003DA933 /* Order page.storyboard */,
				D096691E2D0DB377003DA933 /* Cart Page.storyboard */,
				3FEEDC042D1C817800C6BCB6 /* CartViewController.swift */,
				3FEEDC002D1C7AD000C6BCB6 /* ProfilePage.storyboard */,
				F23368322CF4854000A988FC /* Main.storyboard */,
				F23368352CF4854200A988FC /* Assets.xcassets */,
				F23368372CF4854200A988FC /* LaunchScreen.storyboard */,
				3F94C8B52D0DCE7B00CEA70D /* Alternatives.storyboard */,
				3F94C8B32D0DC25400CEA70D /* ProdCompViewController.swift */,
				D538B0AA2D1B2EAB009F6E74 /* AReviews.storyboard */,
				D538B09A2D1AD066009F6E74 /* ReviewsTableViewCell.swift */,
				D538B09C2D1AD073009F6E74 /* ReviewsViewController.swift */,
				D538B0A22D1AD0B8009F6E74 /* WriteReviewViewController.swift */,
				83F9ECA32D0DB8A700816FC8 /* Bader discount page.storyboard */,
				83F9ECA42D0DB8A700816FC8 /* Bader set coupons.storyboard */,
				83F9ECA12D0DB8A700816FC8 /* bader special offer.storyboard */,
				83F9ECA22D0DB8A700816FC8 /* bader's search and filter page.storyboard */,
				83F9ECA92D0DB9E600816FC8 /* loginPage.storyboard */,
				ACC2D40C2D01A64400074709 /* Product Impact Tracker.storyboard */,
				8398BCD52D07137A00DD8CFD /* AdminDashboard.storyboard */,
				D5165D492D0DB1B100CC2BF7 /* Notifications.storyboard */,
				D5165D4B2D0DB1BB00CC2BF7 /* StoreManager.storyboard */,
				F233683A2CF4854200A988FC /* Info.plist */,
				D538B0A42D1AE231009F6E74 /* localData.json */,
			);
			path = ReLeaf;
			sourceTree = "<group>";
		};
		F23368422CF4854300A988FC /* ReLeafTests */ = {
			isa = PBXGroup;
			children = (
				F23368432CF4854300A988FC /* ReLeafTests.swift */,
			);
			path = ReLeafTests;
			sourceTree = "<group>";
		};
		F233684C2CF4854300A988FC /* ReLeafUITests */ = {
			isa = PBXGroup;
			children = (
				F233684D2CF4854300A988FC /* ReLeafUITests.swift */,
				F233684F2CF4854300A988FC /* ReLeafUITestsLaunchTests.swift */,
			);
			path = ReLeafUITests;
			sourceTree = "<group>";
		};
/* End PBXGroup section */

/* Begin PBXNativeTarget section */
		F23368282CF4854000A988FC /* ReLeaf */ = {
			isa = PBXNativeTarget;
			buildConfigurationList = F23368532CF4854300A988FC /* Build configuration list for PBXNativeTarget "ReLeaf" */;
			buildPhases = (
				F23368252CF4854000A988FC /* Sources */,
				F23368262CF4854000A988FC /* Frameworks */,
				F23368272CF4854000A988FC /* Resources */,
			);
			buildRules = (
			);
			dependencies = (
			);
			name = ReLeaf;
			productName = ReLeaf;
			productReference = F23368292CF4854000A988FC /* ReLeaf.app */;
			productType = "com.apple.product-type.application";
		};
		F233683E2CF4854300A988FC /* ReLeafTests */ = {
			isa = PBXNativeTarget;
			buildConfigurationList = F23368562CF4854300A988FC /* Build configuration list for PBXNativeTarget "ReLeafTests" */;
			buildPhases = (
				F233683B2CF4854300A988FC /* Sources */,
				F233683C2CF4854300A988FC /* Frameworks */,
				F233683D2CF4854300A988FC /* Resources */,
			);
			buildRules = (
			);
			dependencies = (
				F23368412CF4854300A988FC /* PBXTargetDependency */,
			);
			name = ReLeafTests;
			productName = ReLeafTests;
			productReference = F233683F2CF4854300A988FC /* ReLeafTests.xctest */;
			productType = "com.apple.product-type.bundle.unit-test";
		};
		F23368482CF4854300A988FC /* ReLeafUITests */ = {
			isa = PBXNativeTarget;
			buildConfigurationList = F23368592CF4854300A988FC /* Build configuration list for PBXNativeTarget "ReLeafUITests" */;
			buildPhases = (
				F23368452CF4854300A988FC /* Sources */,
				F23368462CF4854300A988FC /* Frameworks */,
				F23368472CF4854300A988FC /* Resources */,
			);
			buildRules = (
			);
			dependencies = (
				F233684B2CF4854300A988FC /* PBXTargetDependency */,
			);
			name = ReLeafUITests;
			productName = ReLeafUITests;
			productReference = F23368492CF4854300A988FC /* ReLeafUITests.xctest */;
			productType = "com.apple.product-type.bundle.ui-testing";
		};
/* End PBXNativeTarget section */

/* Begin PBXProject section */
		F23368212CF4854000A988FC /* Project object */ = {
			isa = PBXProject;
			attributes = {
				BuildIndependentTargetsInParallel = 1;
				LastSwiftUpdateCheck = 1520;
				LastUpgradeCheck = 1520;
				TargetAttributes = {
					F23368282CF4854000A988FC = {
						CreatedOnToolsVersion = 15.2;
					};
					F233683E2CF4854300A988FC = {
						CreatedOnToolsVersion = 15.2;
						TestTargetID = F23368282CF4854000A988FC;
					};
					F23368482CF4854300A988FC = {
						CreatedOnToolsVersion = 15.2;
						TestTargetID = F23368282CF4854000A988FC;
					};
				};
			};
			buildConfigurationList = F23368242CF4854000A988FC /* Build configuration list for PBXProject "ReLeaf" */;
			compatibilityVersion = "Xcode 15.0";
			developmentRegion = en;
			hasScannedForEncodings = 0;
			knownRegions = (
				en,
				Base,
			);
			mainGroup = F23368202CF4854000A988FC;
			productRefGroup = F233682A2CF4854000A988FC /* Products */;
			projectDirPath = "";
			projectRoot = "";
			targets = (
				F23368282CF4854000A988FC /* ReLeaf */,
				F233683E2CF4854300A988FC /* ReLeafTests */,
				F23368482CF4854300A988FC /* ReLeafUITests */,
			);
		};
/* End PBXProject section */

/* Begin PBXResourcesBuildPhase section */
		F23368272CF4854000A988FC /* Resources */ = {
			isa = PBXResourcesBuildPhase;
			buildActionMask = 2147483647;
			files = (
				E0BA1CCA2D1B4780009F63B9 /* TabBar.storyboard in Resources */,
				83F9ECAA2D0DB9E600816FC8 /* loginPage.storyboard in Resources */,
				F23368392CF4854200A988FC /* LaunchScreen.storyboard in Resources */,
				D5165D4A2D0DB1B100CC2BF7 /* Notifications.storyboard in Resources */,
				8398BCD62D07137A00DD8CFD /* AdminDashboard.storyboard in Resources */,
				D538B0A52D1AE231009F6E74 /* localData.json in Resources */,
				ACC2D40D2D01A64400074709 /* Product Impact Tracker.storyboard in Resources */,
				83F9ECA82D0DB8A700816FC8 /* Bader set coupons.storyboard in Resources */,
				83F9ECA52D0DB8A700816FC8 /* bader special offer.storyboard in Resources */,
				D538B0AB2D1B2EAB009F6E74 /* AReviews.storyboard in Resources */,
				3FEEDC012D1C7AD000C6BCB6 /* ProfilePage.storyboard in Resources */,
				D09669212D0DB38F003DA933 /* Order page.storyboard in Resources */,
				F23368362CF4854200A988FC /* Assets.xcassets in Resources */,
				D096691F2D0DB377003DA933 /* Cart Page.storyboard in Resources */,
				83F9ECA72D0DB8A700816FC8 /* Bader discount page.storyboard in Resources */,
				F23368342CF4854000A988FC /* Main.storyboard in Resources */,
				D5165D4C2D0DB1BB00CC2BF7 /* StoreManager.storyboard in Resources */,
				D538B0A92D1AFFAA009F6E74 /* Home.storyboard in Resources */,
				83F9ECA62D0DB8A700816FC8 /* bader's search and filter page.storyboard in Resources */,
				D09669252D0DB3DE003DA933 /* Product Info.storyboard in Resources */,
				3F94C8B62D0DCE7B00CEA70D /* Alternatives.storyboard in Resources */,
			);
			runOnlyForDeploymentPostprocessing = 0;
		};
		F233683D2CF4854300A988FC /* Resources */ = {
			isa = PBXResourcesBuildPhase;
			buildActionMask = 2147483647;
			files = (
			);
			runOnlyForDeploymentPostprocessing = 0;
		};
		F23368472CF4854300A988FC /* Resources */ = {
			isa = PBXResourcesBuildPhase;
			buildActionMask = 2147483647;
			files = (
			);
			runOnlyForDeploymentPostprocessing = 0;
		};
/* End PBXResourcesBuildPhase section */

/* Begin PBXSourcesBuildPhase section */
		F23368252CF4854000A988FC /* Sources */ = {
			isa = PBXSourcesBuildPhase;
			buildActionMask = 2147483647;
			files = (
				3F55427A2D1C262900FBE75C /* LocalData.swift in Sources */,
				F23368312CF4854000A988FC /* ViewController.swift in Sources */,
				D538B09F2D1AD078009F6E74 /* Review.swift in Sources */,
				F233682D2CF4854000A988FC /* AppDelegate.swift in Sources */,
				3F55427C2D1C270900FBE75C /* OrderProduct.swift in Sources */,
				3F5542742D1C1F5200FBE75C /* Shop.swift in Sources */,
				3FEEDC032D1C816B00C6BCB6 /* ProductinfoViewController.swift in Sources */,
				3F94C8B42D0DC25400CEA70D /* ProdCompViewController.swift in Sources */,
				3F55427E2D1C2D4B00FBE75C /* ProductCollectionViewCell.swift in Sources */,
				D538B09D2D1AD073009F6E74 /* ReviewsViewController.swift in Sources */,
				3F5542782D1C1F8600FBE75C /* Order.swift in Sources */,
				3F5542712D1C1CFF00FBE75C /* HomeViewController.swift in Sources */,
				F233682F2CF4854000A988FC /* SceneDelegate.swift in Sources */,
				3FEEDC052D1C817800C6BCB6 /* CartViewController.swift in Sources */,
				D538B0A32D1AD0B8009F6E74 /* WriteReviewViewController.swift in Sources */,
				D538B09B2D1AD066009F6E74 /* ReviewsTableViewCell.swift in Sources */,
				3F5542762D1C1F7700FBE75C /* User.swift in Sources */,
			);
			runOnlyForDeploymentPostprocessing = 0;
		};
		F233683B2CF4854300A988FC /* Sources */ = {
			isa = PBXSourcesBuildPhase;
			buildActionMask = 2147483647;
			files = (
				F23368442CF4854300A988FC /* ReLeafTests.swift in Sources */,
			);
			runOnlyForDeploymentPostprocessing = 0;
		};
		F23368452CF4854300A988FC /* Sources */ = {
			isa = PBXSourcesBuildPhase;
			buildActionMask = 2147483647;
			files = (
				F233684E2CF4854300A988FC /* ReLeafUITests.swift in Sources */,
				F23368502CF4854300A988FC /* ReLeafUITestsLaunchTests.swift in Sources */,
			);
			runOnlyForDeploymentPostprocessing = 0;
		};
/* End PBXSourcesBuildPhase section */

/* Begin PBXTargetDependency section */
		F23368412CF4854300A988FC /* PBXTargetDependency */ = {
			isa = PBXTargetDependency;
			target = F23368282CF4854000A988FC /* ReLeaf */;
			targetProxy = F23368402CF4854300A988FC /* PBXContainerItemProxy */;
		};
		F233684B2CF4854300A988FC /* PBXTargetDependency */ = {
			isa = PBXTargetDependency;
			target = F23368282CF4854000A988FC /* ReLeaf */;
			targetProxy = F233684A2CF4854300A988FC /* PBXContainerItemProxy */;
		};
/* End PBXTargetDependency section */

/* Begin PBXVariantGroup section */
		F23368322CF4854000A988FC /* Main.storyboard */ = {
			isa = PBXVariantGroup;
			children = (
				F23368332CF4854000A988FC /* Base */,
			);
			name = Main.storyboard;
			sourceTree = "<group>";
		};
		F23368372CF4854200A988FC /* LaunchScreen.storyboard */ = {
			isa = PBXVariantGroup;
			children = (
				F23368382CF4854200A988FC /* Base */,
			);
			name = LaunchScreen.storyboard;
			sourceTree = "<group>";
		};
/* End PBXVariantGroup section */

/* Begin XCBuildConfiguration section */
		F23368512CF4854300A988FC /* Debug */ = {
			isa = XCBuildConfiguration;
			buildSettings = {
				ALWAYS_SEARCH_USER_PATHS = NO;
				ASSETCATALOG_COMPILER_GENERATE_SWIFT_ASSET_SYMBOL_EXTENSIONS = YES;
				CLANG_ANALYZER_NONNULL = YES;
				CLANG_ANALYZER_NUMBER_OBJECT_CONVERSION = YES_AGGRESSIVE;
				CLANG_CXX_LANGUAGE_STANDARD = "gnu++20";
				CLANG_ENABLE_MODULES = YES;
				CLANG_ENABLE_OBJC_ARC = YES;
				CLANG_ENABLE_OBJC_WEAK = YES;
				CLANG_WARN_BLOCK_CAPTURE_AUTORELEASING = YES;
				CLANG_WARN_BOOL_CONVERSION = YES;
				CLANG_WARN_COMMA = YES;
				CLANG_WARN_CONSTANT_CONVERSION = YES;
				CLANG_WARN_DEPRECATED_OBJC_IMPLEMENTATIONS = YES;
				CLANG_WARN_DIRECT_OBJC_ISA_USAGE = YES_ERROR;
				CLANG_WARN_DOCUMENTATION_COMMENTS = YES;
				CLANG_WARN_EMPTY_BODY = YES;
				CLANG_WARN_ENUM_CONVERSION = YES;
				CLANG_WARN_INFINITE_RECURSION = YES;
				CLANG_WARN_INT_CONVERSION = YES;
				CLANG_WARN_NON_LITERAL_NULL_CONVERSION = YES;
				CLANG_WARN_OBJC_IMPLICIT_RETAIN_SELF = YES;
				CLANG_WARN_OBJC_LITERAL_CONVERSION = YES;
				CLANG_WARN_OBJC_ROOT_CLASS = YES_ERROR;
				CLANG_WARN_QUOTED_INCLUDE_IN_FRAMEWORK_HEADER = YES;
				CLANG_WARN_RANGE_LOOP_ANALYSIS = YES;
				CLANG_WARN_STRICT_PROTOTYPES = YES;
				CLANG_WARN_SUSPICIOUS_MOVE = YES;
				CLANG_WARN_UNGUARDED_AVAILABILITY = YES_AGGRESSIVE;
				CLANG_WARN_UNREACHABLE_CODE = YES;
				CLANG_WARN__DUPLICATE_METHOD_MATCH = YES;
				COPY_PHASE_STRIP = NO;
				DEBUG_INFORMATION_FORMAT = dwarf;
				ENABLE_STRICT_OBJC_MSGSEND = YES;
				ENABLE_TESTABILITY = YES;
				ENABLE_USER_SCRIPT_SANDBOXING = YES;
				GCC_C_LANGUAGE_STANDARD = gnu17;
				GCC_DYNAMIC_NO_PIC = NO;
				GCC_NO_COMMON_BLOCKS = YES;
				GCC_OPTIMIZATION_LEVEL = 0;
				GCC_PREPROCESSOR_DEFINITIONS = (
					"DEBUG=1",
					"$(inherited)",
				);
				GCC_WARN_64_TO_32_BIT_CONVERSION = YES;
				GCC_WARN_ABOUT_RETURN_TYPE = YES_ERROR;
				GCC_WARN_UNDECLARED_SELECTOR = YES;
				GCC_WARN_UNINITIALIZED_AUTOS = YES_AGGRESSIVE;
				GCC_WARN_UNUSED_FUNCTION = YES;
				GCC_WARN_UNUSED_VARIABLE = YES;
				IPHONEOS_DEPLOYMENT_TARGET = 17.2;
				LOCALIZATION_PREFERS_STRING_CATALOGS = YES;
				MTL_ENABLE_DEBUG_INFO = INCLUDE_SOURCE;
				MTL_FAST_MATH = YES;
				ONLY_ACTIVE_ARCH = YES;
				SDKROOT = iphoneos;
				SWIFT_ACTIVE_COMPILATION_CONDITIONS = "DEBUG $(inherited)";
				SWIFT_OPTIMIZATION_LEVEL = "-Onone";
			};
			name = Debug;
		};
		F23368522CF4854300A988FC /* Release */ = {
			isa = XCBuildConfiguration;
			buildSettings = {
				ALWAYS_SEARCH_USER_PATHS = NO;
				ASSETCATALOG_COMPILER_GENERATE_SWIFT_ASSET_SYMBOL_EXTENSIONS = YES;
				CLANG_ANALYZER_NONNULL = YES;
				CLANG_ANALYZER_NUMBER_OBJECT_CONVERSION = YES_AGGRESSIVE;
				CLANG_CXX_LANGUAGE_STANDARD = "gnu++20";
				CLANG_ENABLE_MODULES = YES;
				CLANG_ENABLE_OBJC_ARC = YES;
				CLANG_ENABLE_OBJC_WEAK = YES;
				CLANG_WARN_BLOCK_CAPTURE_AUTORELEASING = YES;
				CLANG_WARN_BOOL_CONVERSION = YES;
				CLANG_WARN_COMMA = YES;
				CLANG_WARN_CONSTANT_CONVERSION = YES;
				CLANG_WARN_DEPRECATED_OBJC_IMPLEMENTATIONS = YES;
				CLANG_WARN_DIRECT_OBJC_ISA_USAGE = YES_ERROR;
				CLANG_WARN_DOCUMENTATION_COMMENTS = YES;
				CLANG_WARN_EMPTY_BODY = YES;
				CLANG_WARN_ENUM_CONVERSION = YES;
				CLANG_WARN_INFINITE_RECURSION = YES;
				CLANG_WARN_INT_CONVERSION = YES;
				CLANG_WARN_NON_LITERAL_NULL_CONVERSION = YES;
				CLANG_WARN_OBJC_IMPLICIT_RETAIN_SELF = YES;
				CLANG_WARN_OBJC_LITERAL_CONVERSION = YES;
				CLANG_WARN_OBJC_ROOT_CLASS = YES_ERROR;
				CLANG_WARN_QUOTED_INCLUDE_IN_FRAMEWORK_HEADER = YES;
				CLANG_WARN_RANGE_LOOP_ANALYSIS = YES;
				CLANG_WARN_STRICT_PROTOTYPES = YES;
				CLANG_WARN_SUSPICIOUS_MOVE = YES;
				CLANG_WARN_UNGUARDED_AVAILABILITY = YES_AGGRESSIVE;
				CLANG_WARN_UNREACHABLE_CODE = YES;
				CLANG_WARN__DUPLICATE_METHOD_MATCH = YES;
				COPY_PHASE_STRIP = NO;
				DEBUG_INFORMATION_FORMAT = "dwarf-with-dsym";
				ENABLE_NS_ASSERTIONS = NO;
				ENABLE_STRICT_OBJC_MSGSEND = YES;
				ENABLE_USER_SCRIPT_SANDBOXING = YES;
				GCC_C_LANGUAGE_STANDARD = gnu17;
				GCC_NO_COMMON_BLOCKS = YES;
				GCC_WARN_64_TO_32_BIT_CONVERSION = YES;
				GCC_WARN_ABOUT_RETURN_TYPE = YES_ERROR;
				GCC_WARN_UNDECLARED_SELECTOR = YES;
				GCC_WARN_UNINITIALIZED_AUTOS = YES_AGGRESSIVE;
				GCC_WARN_UNUSED_FUNCTION = YES;
				GCC_WARN_UNUSED_VARIABLE = YES;
				IPHONEOS_DEPLOYMENT_TARGET = 17.2;
				LOCALIZATION_PREFERS_STRING_CATALOGS = YES;
				MTL_ENABLE_DEBUG_INFO = NO;
				MTL_FAST_MATH = YES;
				SDKROOT = iphoneos;
				SWIFT_COMPILATION_MODE = wholemodule;
				VALIDATE_PRODUCT = YES;
			};
			name = Release;
		};
		F23368542CF4854300A988FC /* Debug */ = {
			isa = XCBuildConfiguration;
			buildSettings = {
				ASSETCATALOG_COMPILER_APPICON_NAME = AppIcon;
				ASSETCATALOG_COMPILER_GLOBAL_ACCENT_COLOR_NAME = AccentColor;
				CODE_SIGN_STYLE = Automatic;
				CURRENT_PROJECT_VERSION = 1;
				GENERATE_INFOPLIST_FILE = YES;
				INFOPLIST_FILE = ReLeaf/Info.plist;
				INFOPLIST_KEY_UIApplicationSupportsIndirectInputEvents = YES;
				INFOPLIST_KEY_UILaunchStoryboardName = LaunchScreen;
				INFOPLIST_KEY_UIMainStoryboardFile = Main;
				INFOPLIST_KEY_UISupportedInterfaceOrientations_iPad = "UIInterfaceOrientationPortrait UIInterfaceOrientationPortraitUpsideDown UIInterfaceOrientationLandscapeLeft UIInterfaceOrientationLandscapeRight";
				INFOPLIST_KEY_UISupportedInterfaceOrientations_iPhone = "UIInterfaceOrientationPortrait UIInterfaceOrientationLandscapeLeft UIInterfaceOrientationLandscapeRight";
				LD_RUNPATH_SEARCH_PATHS = (
					"$(inherited)",
					"@executable_path/Frameworks",
				);
				MARKETING_VERSION = 1.0;
				PRODUCT_BUNDLE_IDENTIFIER = "Bahrain-Polytechnic.ReLeaf";
				PRODUCT_NAME = "$(TARGET_NAME)";
				SWIFT_EMIT_LOC_STRINGS = YES;
				SWIFT_VERSION = 5.0;
				TARGETED_DEVICE_FAMILY = "1,2";
			};
			name = Debug;
		};
		F23368552CF4854300A988FC /* Release */ = {
			isa = XCBuildConfiguration;
			buildSettings = {
				ASSETCATALOG_COMPILER_APPICON_NAME = AppIcon;
				ASSETCATALOG_COMPILER_GLOBAL_ACCENT_COLOR_NAME = AccentColor;
				CODE_SIGN_STYLE = Automatic;
				CURRENT_PROJECT_VERSION = 1;
				GENERATE_INFOPLIST_FILE = YES;
				INFOPLIST_FILE = ReLeaf/Info.plist;
				INFOPLIST_KEY_UIApplicationSupportsIndirectInputEvents = YES;
				INFOPLIST_KEY_UILaunchStoryboardName = LaunchScreen;
				INFOPLIST_KEY_UIMainStoryboardFile = Main;
				INFOPLIST_KEY_UISupportedInterfaceOrientations_iPad = "UIInterfaceOrientationPortrait UIInterfaceOrientationPortraitUpsideDown UIInterfaceOrientationLandscapeLeft UIInterfaceOrientationLandscapeRight";
				INFOPLIST_KEY_UISupportedInterfaceOrientations_iPhone = "UIInterfaceOrientationPortrait UIInterfaceOrientationLandscapeLeft UIInterfaceOrientationLandscapeRight";
				LD_RUNPATH_SEARCH_PATHS = (
					"$(inherited)",
					"@executable_path/Frameworks",
				);
				MARKETING_VERSION = 1.0;
				PRODUCT_BUNDLE_IDENTIFIER = "Bahrain-Polytechnic.ReLeaf";
				PRODUCT_NAME = "$(TARGET_NAME)";
				SWIFT_EMIT_LOC_STRINGS = YES;
				SWIFT_VERSION = 5.0;
				TARGETED_DEVICE_FAMILY = "1,2";
			};
			name = Release;
		};
		F23368572CF4854300A988FC /* Debug */ = {
			isa = XCBuildConfiguration;
			buildSettings = {
				ALWAYS_EMBED_SWIFT_STANDARD_LIBRARIES = YES;
				BUNDLE_LOADER = "$(TEST_HOST)";
				CODE_SIGN_STYLE = Automatic;
				CURRENT_PROJECT_VERSION = 1;
				GENERATE_INFOPLIST_FILE = YES;
				IPHONEOS_DEPLOYMENT_TARGET = 17.2;
				MARKETING_VERSION = 1.0;
				PRODUCT_BUNDLE_IDENTIFIER = "Bahrain-Polytechnic.ReLeafTests";
				PRODUCT_NAME = "$(TARGET_NAME)";
				SWIFT_EMIT_LOC_STRINGS = NO;
				SWIFT_VERSION = 5.0;
				TARGETED_DEVICE_FAMILY = "1,2";
				TEST_HOST = "$(BUILT_PRODUCTS_DIR)/ReLeaf.app/$(BUNDLE_EXECUTABLE_FOLDER_PATH)/ReLeaf";
			};
			name = Debug;
		};
		F23368582CF4854300A988FC /* Release */ = {
			isa = XCBuildConfiguration;
			buildSettings = {
				ALWAYS_EMBED_SWIFT_STANDARD_LIBRARIES = YES;
				BUNDLE_LOADER = "$(TEST_HOST)";
				CODE_SIGN_STYLE = Automatic;
				CURRENT_PROJECT_VERSION = 1;
				GENERATE_INFOPLIST_FILE = YES;
				IPHONEOS_DEPLOYMENT_TARGET = 17.2;
				MARKETING_VERSION = 1.0;
				PRODUCT_BUNDLE_IDENTIFIER = "Bahrain-Polytechnic.ReLeafTests";
				PRODUCT_NAME = "$(TARGET_NAME)";
				SWIFT_EMIT_LOC_STRINGS = NO;
				SWIFT_VERSION = 5.0;
				TARGETED_DEVICE_FAMILY = "1,2";
				TEST_HOST = "$(BUILT_PRODUCTS_DIR)/ReLeaf.app/$(BUNDLE_EXECUTABLE_FOLDER_PATH)/ReLeaf";
			};
			name = Release;
		};
		F233685A2CF4854300A988FC /* Debug */ = {
			isa = XCBuildConfiguration;
			buildSettings = {
				ALWAYS_EMBED_SWIFT_STANDARD_LIBRARIES = YES;
				CODE_SIGN_STYLE = Automatic;
				CURRENT_PROJECT_VERSION = 1;
				GENERATE_INFOPLIST_FILE = YES;
				MARKETING_VERSION = 1.0;
				PRODUCT_BUNDLE_IDENTIFIER = "Bahrain-Polytechnic.ReLeafUITests";
				PRODUCT_NAME = "$(TARGET_NAME)";
				SWIFT_EMIT_LOC_STRINGS = NO;
				SWIFT_VERSION = 5.0;
				TARGETED_DEVICE_FAMILY = "1,2";
				TEST_TARGET_NAME = ReLeaf;
			};
			name = Debug;
		};
		F233685B2CF4854300A988FC /* Release */ = {
			isa = XCBuildConfiguration;
			buildSettings = {
				ALWAYS_EMBED_SWIFT_STANDARD_LIBRARIES = YES;
				CODE_SIGN_STYLE = Automatic;
				CURRENT_PROJECT_VERSION = 1;
				GENERATE_INFOPLIST_FILE = YES;
				MARKETING_VERSION = 1.0;
				PRODUCT_BUNDLE_IDENTIFIER = "Bahrain-Polytechnic.ReLeafUITests";
				PRODUCT_NAME = "$(TARGET_NAME)";
				SWIFT_EMIT_LOC_STRINGS = NO;
				SWIFT_VERSION = 5.0;
				TARGETED_DEVICE_FAMILY = "1,2";
				TEST_TARGET_NAME = ReLeaf;
			};
			name = Release;
		};
/* End XCBuildConfiguration section */

/* Begin XCConfigurationList section */
		F23368242CF4854000A988FC /* Build configuration list for PBXProject "ReLeaf" */ = {
			isa = XCConfigurationList;
			buildConfigurations = (
				F23368512CF4854300A988FC /* Debug */,
				F23368522CF4854300A988FC /* Release */,
			);
			defaultConfigurationIsVisible = 0;
			defaultConfigurationName = Release;
		};
		F23368532CF4854300A988FC /* Build configuration list for PBXNativeTarget "ReLeaf" */ = {
			isa = XCConfigurationList;
			buildConfigurations = (
				F23368542CF4854300A988FC /* Debug */,
				F23368552CF4854300A988FC /* Release */,
			);
			defaultConfigurationIsVisible = 0;
			defaultConfigurationName = Release;
		};
		F23368562CF4854300A988FC /* Build configuration list for PBXNativeTarget "ReLeafTests" */ = {
			isa = XCConfigurationList;
			buildConfigurations = (
				F23368572CF4854300A988FC /* Debug */,
				F23368582CF4854300A988FC /* Release */,
			);
			defaultConfigurationIsVisible = 0;
			defaultConfigurationName = Release;
		};
		F23368592CF4854300A988FC /* Build configuration list for PBXNativeTarget "ReLeafUITests" */ = {
			isa = XCConfigurationList;
			buildConfigurations = (
				F233685A2CF4854300A988FC /* Debug */,
				F233685B2CF4854300A988FC /* Release */,
			);
			defaultConfigurationIsVisible = 0;
			defaultConfigurationName = Release;
		};
/* End XCConfigurationList section */
	};
	rootObject = F23368212CF4854000A988FC /* Project object */;
}
